// !$*UTF8*$!
{
	archiveVersion = 1;
	classes = {
	};
	objectVersion = 48;
	objects = {

/* Begin PBXBuildFile section */
		9C0CEB1CEFFFC53DD4600E3D /* Pods_DevFrameworkUITests.framework in Frameworks */ = {isa = PBXBuildFile; fileRef = E727DC21B1E39F454AF228D6 /* Pods_DevFrameworkUITests.framework */; };
		9E04992D2151FB0A00648E69 /* ZFTestVc.swift in Sources */ = {isa = PBXBuildFile; fileRef = 9E04992C2151FB0A00648E69 /* ZFTestVc.swift */; };
		9E2A7E5222705A230082F76C /* RXRegister.swift in Sources */ = {isa = PBXBuildFile; fileRef = 9E2A7E5022705A230082F76C /* RXRegister.swift */; };
		9E2A7E5322705A230082F76C /* RXRegister.xib in Resources */ = {isa = PBXBuildFile; fileRef = 9E2A7E5122705A230082F76C /* RXRegister.xib */; };
		9E2A7E5622705F630082F76C /* Protocols.swift in Sources */ = {isa = PBXBuildFile; fileRef = 9E2A7E5522705F630082F76C /* Protocols.swift */; };
		9E2A7E58227062F70082F76C /* RXGithubDefaultValidationService.swift in Sources */ = {isa = PBXBuildFile; fileRef = 9E2A7E57227062F70082F76C /* RXGithubDefaultValidationService.swift */; };
		9E2A7E5A227069940082F76C /* String+URL.swift in Sources */ = {isa = PBXBuildFile; fileRef = 9E2A7E59227069940082F76C /* String+URL.swift */; };
		9E2A7E5C22706C200082F76C /* BindingExtensions.swift in Sources */ = {isa = PBXBuildFile; fileRef = 9E2A7E5B22706C200082F76C /* BindingExtensions.swift */; };
		9E2A7E5E22706E1C0082F76C /* RXRegisterViewModel.swift in Sources */ = {isa = PBXBuildFile; fileRef = 9E2A7E5D22706E1C0082F76C /* RXRegisterViewModel.swift */; };
		9E2A7E62227098880082F76C /* Wireframe.swift in Sources */ = {isa = PBXBuildFile; fileRef = 9E2A7E60227098880082F76C /* Wireframe.swift */; };
		9E2A7E63227098880082F76C /* ActivityIndicator.swift in Sources */ = {isa = PBXBuildFile; fileRef = 9E2A7E61227098880082F76C /* ActivityIndicator.swift */; };
		9E2A7E6522715B980082F76C /* ViewController.swift in Sources */ = {isa = PBXBuildFile; fileRef = 9E2A7E6422715B980082F76C /* ViewController.swift */; };
		9E53F0B82293FB1700A8D850 /* ZFNetworkTool.swift in Sources */ = {isa = PBXBuildFile; fileRef = 9E53F0B72293FB1700A8D850 /* ZFNetworkTool.swift */; };
		9E53F0BA2293FBEF00A8D850 /* ZFRouter.swift in Sources */ = {isa = PBXBuildFile; fileRef = 9E53F0B92293FBEF00A8D850 /* ZFRouter.swift */; };
		9E53F0BC229407C500A8D850 /* ZFNetError.swift in Sources */ = {isa = PBXBuildFile; fileRef = 9E53F0BB229407C500A8D850 /* ZFNetError.swift */; };
		9E53F0BF229428AE00A8D850 /* ZFMessageModel.swift in Sources */ = {isa = PBXBuildFile; fileRef = 9E53F0BE229428AE00A8D850 /* ZFMessageModel.swift */; };
		9E53F0C122942BB200A8D850 /* ZFTestNetAFVC.swift in Sources */ = {isa = PBXBuildFile; fileRef = 9E53F0C022942BB200A8D850 /* ZFTestNetAFVC.swift */; };
		9E53F0C5229502D700A8D850 /* ZFBaseStruct.swift in Sources */ = {isa = PBXBuildFile; fileRef = 9E53F0C4229502D700A8D850 /* ZFBaseStruct.swift */; };
		9E61D0602231011C0014E23C /* CoreGraphics.framework in Frameworks */ = {isa = PBXBuildFile; fileRef = 9E61D05F2231011C0014E23C /* CoreGraphics.framework */; };
		9E61D062223101780014E23C /* CoreFoundation.framework in Frameworks */ = {isa = PBXBuildFile; fileRef = 9E61D061223101780014E23C /* CoreFoundation.framework */; };
		9E61D064223101820014E23C /* Foundation.framework in Frameworks */ = {isa = PBXBuildFile; fileRef = 9E61D063223101820014E23C /* Foundation.framework */; };
		9E61D066223101900014E23C /* AVFoundation.framework in Frameworks */ = {isa = PBXBuildFile; fileRef = 9E61D065223101900014E23C /* AVFoundation.framework */; };
		9E624B0D215E1F0200DC059B /* RXTableViewVC.swift in Sources */ = {isa = PBXBuildFile; fileRef = 9E624B0C215E1F0200DC059B /* RXTableViewVC.swift */; };
		9E83A8112188545200806906 /* RXCircleVC.swift in Sources */ = {isa = PBXBuildFile; fileRef = 9E83A8102188545200806906 /* RXCircleVC.swift */; };
		9EC843E323C57EDE00D0E566 /* SystemProtocol.swift in Sources */ = {isa = PBXBuildFile; fileRef = 9EC843E223C57EDE00D0E566 /* SystemProtocol.swift */; };
		9EC843E523C584F400D0E566 /* UserDefaults+Extension.swift in Sources */ = {isa = PBXBuildFile; fileRef = 9EC843E423C584F300D0E566 /* UserDefaults+Extension.swift */; };
		9EC843E723C5AF2900D0E566 /* LineProtocol.swift in Sources */ = {isa = PBXBuildFile; fileRef = 9EC843E623C5AF2900D0E566 /* LineProtocol.swift */; };
		9EC843EF23C5CF3400D0E566 /* ListProtocol.swift in Sources */ = {isa = PBXBuildFile; fileRef = 9EC843EE23C5CF3300D0E566 /* ListProtocol.swift */; };
		9EC843F123C6DAEF00D0E566 /* GiftDropImageView.swift in Sources */ = {isa = PBXBuildFile; fileRef = 9EC843F023C6DAEF00D0E566 /* GiftDropImageView.swift */; };
		9EC843F323C6DB8500D0E566 /* UIView+Extension.swift in Sources */ = {isa = PBXBuildFile; fileRef = 9EC843F223C6DB8400D0E566 /* UIView+Extension.swift */; };
		9EEAC4A0215C7982005BAACE /* NotificationService.swift in Sources */ = {isa = PBXBuildFile; fileRef = 9EEAC49F215C7982005BAACE /* NotificationService.swift */; };
		9EEAC4A4215C7982005BAACE /* pushsvcext.appex in Embed App Extensions */ = {isa = PBXBuildFile; fileRef = 9EEAC49D215C7982005BAACE /* pushsvcext.appex */; settings = {ATTRIBUTES = (RemoveHeadersOnCopy, ); }; };
		9EEAC4AA215C79EB005BAACE /* UserNotifications.framework in Frameworks */ = {isa = PBXBuildFile; fileRef = 9EEAC4A9215C79EB005BAACE /* UserNotifications.framework */; };
		9EEAC4AC215C7A07005BAACE /* libz.tbd in Frameworks */ = {isa = PBXBuildFile; fileRef = 9EEAC4AB215C7A07005BAACE /* libz.tbd */; };
		9EEAC4AE215C7A0D005BAACE /* libsqlite3.0.tbd in Frameworks */ = {isa = PBXBuildFile; fileRef = 9EEAC4AD215C7A0D005BAACE /* libsqlite3.0.tbd */; };
		9EEAC4EA215CC0E4005BAACE /* ZFTraitsVC.swift in Sources */ = {isa = PBXBuildFile; fileRef = 9EEAC4E9215CC0E4005BAACE /* ZFTraitsVC.swift */; };
		A10D11DD201F0D2B00A463E1 /* main.json in Resources */ = {isa = PBXBuildFile; fileRef = A10D11DC201F0D2B00A463E1 /* main.json */; };
		A138AB4B203FB43500CD679B /* NIibLoadable.swift in Sources */ = {isa = PBXBuildFile; fileRef = A138AB4A203FB43500CD679B /* NIibLoadable.swift */; };
		A138AB4D203FCCC100CD679B /* ZFNewFeatureView.xib in Resources */ = {isa = PBXBuildFile; fileRef = A138AB4C203FCCC100CD679B /* ZFNewFeatureView.xib */; };
		A138AB502040158A00CD679B /* ZFStatusCell.swift in Sources */ = {isa = PBXBuildFile; fileRef = A138AB4F2040158A00CD679B /* ZFStatusCell.swift */; };
		A138AB52204015BC00CD679B /* ZFStatusNormalCell.xib in Resources */ = {isa = PBXBuildFile; fileRef = A138AB51204015BC00CD679B /* ZFStatusNormalCell.xib */; };
		A138AB5420401F9D00CD679B /* ZFUser.swift in Sources */ = {isa = PBXBuildFile; fileRef = A138AB5320401F9D00CD679B /* ZFUser.swift */; };
		A138AB562040235900CD679B /* ZFStatusViewModel.swift in Sources */ = {isa = PBXBuildFile; fileRef = A138AB552040235900CD679B /* ZFStatusViewModel.swift */; };
		A1458B4F201AE16400BC6A3B /* AppDelegate.swift in Sources */ = {isa = PBXBuildFile; fileRef = A1458B4E201AE16400BC6A3B /* AppDelegate.swift */; };
		A1458B56201AE16400BC6A3B /* Assets.xcassets in Resources */ = {isa = PBXBuildFile; fileRef = A1458B55201AE16400BC6A3B /* Assets.xcassets */; };
		A1458B64201AE16400BC6A3B /* DevFrameworkTests.swift in Sources */ = {isa = PBXBuildFile; fileRef = A1458B63201AE16400BC6A3B /* DevFrameworkTests.swift */; };
		A1458B6F201AE16500BC6A3B /* DevFrameworkUITests.swift in Sources */ = {isa = PBXBuildFile; fileRef = A1458B6E201AE16500BC6A3B /* DevFrameworkUITests.swift */; };
		A1458B8B201AEBF600BC6A3B /* ZFMainViewController.swift in Sources */ = {isa = PBXBuildFile; fileRef = A1458B8A201AEBF600BC6A3B /* ZFMainViewController.swift */; };
		A1458B8D201AEC2000BC6A3B /* ZFNavigationController.swift in Sources */ = {isa = PBXBuildFile; fileRef = A1458B8C201AEC2000BC6A3B /* ZFNavigationController.swift */; };
		A1458B8F201AEC3F00BC6A3B /* ZFBaseViewController.swift in Sources */ = {isa = PBXBuildFile; fileRef = A1458B8E201AEC3F00BC6A3B /* ZFBaseViewController.swift */; };
		A1458B91201AEC7100BC6A3B /* ZFHomeViewController.swift in Sources */ = {isa = PBXBuildFile; fileRef = A1458B90201AEC7100BC6A3B /* ZFHomeViewController.swift */; };
		A1458B93201AEC7D00BC6A3B /* ZFMessageViewController.swift in Sources */ = {isa = PBXBuildFile; fileRef = A1458B92201AEC7D00BC6A3B /* ZFMessageViewController.swift */; };
		A1458B95201AEC8700BC6A3B /* ZFProfileViewController.swift in Sources */ = {isa = PBXBuildFile; fileRef = A1458B94201AEC8700BC6A3B /* ZFProfileViewController.swift */; };
		A1458B99201AF8E600BC6A3B /* Bundle.swift in Sources */ = {isa = PBXBuildFile; fileRef = A1458B98201AF8E600BC6A3B /* Bundle.swift */; };
		A1458B9C201AFE3200BC6A3B /* ZFDiscoveryViewController.swift in Sources */ = {isa = PBXBuildFile; fileRef = A1458B9B201AFE3200BC6A3B /* ZFDiscoveryViewController.swift */; };
		A1458BA0201B0BA300BC6A3B /* ZFDemoViewController.swift in Sources */ = {isa = PBXBuildFile; fileRef = A1458B9F201B0BA300BC6A3B /* ZFDemoViewController.swift */; };
		A1458BA2201B145900BC6A3B /* UIBarButtonItem+Extension.swift in Sources */ = {isa = PBXBuildFile; fileRef = A1458BA1201B145900BC6A3B /* UIBarButtonItem+Extension.swift */; };
		A1DD005220494810005B9EAC /* ZFComposeTypeView.swift in Sources */ = {isa = PBXBuildFile; fileRef = A1DD005120494810005B9EAC /* ZFComposeTypeView.swift */; };
		A1DD005420494AD1005B9EAC /* ZFComposeTypeView.xib in Resources */ = {isa = PBXBuildFile; fileRef = A1DD005320494AD1005B9EAC /* ZFComposeTypeView.xib */; };
		A1E271EE202C52DD0016B851 /* ZFCommon.swift in Sources */ = {isa = PBXBuildFile; fileRef = A1E271ED202C52DC0016B851 /* ZFCommon.swift */; };
		A1E271F1202C549A0016B851 /* ZFOAuthViewController.swift in Sources */ = {isa = PBXBuildFile; fileRef = A1E271F0202C549A0016B851 /* ZFOAuthViewController.swift */; };
		A1EC720520241B360070B6EF /* ZFNetworkMnager+Extension.swift in Sources */ = {isa = PBXBuildFile; fileRef = A1EC720420241B360070B6EF /* ZFNetworkMnager+Extension.swift */; };
		A1EC7207202444970070B6EF /* ZFStatuses.swift in Sources */ = {isa = PBXBuildFile; fileRef = A1EC7206202444970070B6EF /* ZFStatuses.swift */; };
		A1EC7209202446260070B6EF /* ZFStatusesListViewModel.swift in Sources */ = {isa = PBXBuildFile; fileRef = A1EC7208202446260070B6EF /* ZFStatusesListViewModel.swift */; };
		A1F019DB20410A220074A0B9 /* UIImageView+WebImage.swift in Sources */ = {isa = PBXBuildFile; fileRef = A1F019DA20410A220074A0B9 /* UIImageView+WebImage.swift */; };
		A1F019DD20410CC90074A0B9 /* UIImage+Extension.swift in Sources */ = {isa = PBXBuildFile; fileRef = A1F019DC20410CC90074A0B9 /* UIImage+Extension.swift */; };
		A1F019DF20411ABE0074A0B9 /* ZFStatusToolBar.swift in Sources */ = {isa = PBXBuildFile; fileRef = A1F019DE20411ABE0074A0B9 /* ZFStatusToolBar.swift */; };
		A1F019E1204141A90074A0B9 /* ZFStatusPictureView.swift in Sources */ = {isa = PBXBuildFile; fileRef = A1F019E0204141A90074A0B9 /* ZFStatusPictureView.swift */; };
		A1F019E3204145DC0074A0B9 /* ZFStatusPicture.swift in Sources */ = {isa = PBXBuildFile; fileRef = A1F019E2204145DC0074A0B9 /* ZFStatusPicture.swift */; };
		A1F019E520416E3A0074A0B9 /* ZFStatusRetweetedCell.xib in Resources */ = {isa = PBXBuildFile; fileRef = A1F019E420416E3A0074A0B9 /* ZFStatusRetweetedCell.xib */; };
		A1F6E7292044F8C8005E9A64 /* ZFRefreshControl.swift in Sources */ = {isa = PBXBuildFile; fileRef = A1F6E7282044F8C8005E9A64 /* ZFRefreshControl.swift */; };
		A1F6E72B20450C58005E9A64 /* ZFRefreshView.xib in Resources */ = {isa = PBXBuildFile; fileRef = A1F6E72A20450C58005E9A64 /* ZFRefreshView.xib */; };
		A1F6E72D20450D28005E9A64 /* ZFRefreshView.swift in Sources */ = {isa = PBXBuildFile; fileRef = A1F6E72C20450D28005E9A64 /* ZFRefreshView.swift */; };
		A1F741FC20231D3E004D6FEF /* ZFNetworkManager.swift in Sources */ = {isa = PBXBuildFile; fileRef = A1F741FB20231D3E004D6FEF /* ZFNetworkManager.swift */; };
		A1FF87FE202FE83400702626 /* ZFUserAccount.swift in Sources */ = {isa = PBXBuildFile; fileRef = A1FF87FD202FE83400702626 /* ZFUserAccount.swift */; };
		A1FF8800202FF82C00702626 /* String+Extension.swift in Sources */ = {isa = PBXBuildFile; fileRef = A1FF87FF202FF82C00702626 /* String+Extension.swift */; };
		A1FF8803203049B000702626 /* ZFWelcomView.swift in Sources */ = {isa = PBXBuildFile; fileRef = A1FF8802203049B000702626 /* ZFWelcomView.swift */; };
		A1FF8805203049C000702626 /* ZFNewFeatureView.swift in Sources */ = {isa = PBXBuildFile; fileRef = A1FF8804203049C000702626 /* ZFNewFeatureView.swift */; };
		A1FF880920304D0000702626 /* ZFWelcomView.xib in Resources */ = {isa = PBXBuildFile; fileRef = A1FF880820304D0000702626 /* ZFWelcomView.xib */; };
		A619E810C59DF5A7DF903089 /* Pods_DevFramework.framework in Frameworks */ = {isa = PBXBuildFile; fileRef = 15445B8385D53B1F61D2C099 /* Pods_DevFramework.framework */; };
		D2D3C5655158702C9E859DFC /* Pods_DevFrameworkTests.framework in Frameworks */ = {isa = PBXBuildFile; fileRef = A6178E128B8B38780DC55501 /* Pods_DevFrameworkTests.framework */; };
/* End PBXBuildFile section */

/* Begin PBXContainerItemProxy section */
		9EEAC4A2215C7982005BAACE /* PBXContainerItemProxy */ = {
			isa = PBXContainerItemProxy;
			containerPortal = A1458B43201AE16300BC6A3B /* Project object */;
			proxyType = 1;
			remoteGlobalIDString = 9EEAC49C215C7982005BAACE;
			remoteInfo = pushsvcext;
		};
		A1458B60201AE16400BC6A3B /* PBXContainerItemProxy */ = {
			isa = PBXContainerItemProxy;
			containerPortal = A1458B43201AE16300BC6A3B /* Project object */;
			proxyType = 1;
			remoteGlobalIDString = A1458B4A201AE16300BC6A3B;
			remoteInfo = DevFramework;
		};
		A1458B6B201AE16500BC6A3B /* PBXContainerItemProxy */ = {
			isa = PBXContainerItemProxy;
			containerPortal = A1458B43201AE16300BC6A3B /* Project object */;
			proxyType = 1;
			remoteGlobalIDString = A1458B4A201AE16300BC6A3B;
			remoteInfo = DevFramework;
		};
/* End PBXContainerItemProxy section */

/* Begin PBXCopyFilesBuildPhase section */
		9EEAC4A8215C7982005BAACE /* Embed App Extensions */ = {
			isa = PBXCopyFilesBuildPhase;
			buildActionMask = 2147483647;
			dstPath = "";
			dstSubfolderSpec = 13;
			files = (
				9EEAC4A4215C7982005BAACE /* pushsvcext.appex in Embed App Extensions */,
			);
			name = "Embed App Extensions";
			runOnlyForDeploymentPostprocessing = 0;
		};
/* End PBXCopyFilesBuildPhase section */

/* Begin PBXFileReference section */
		15445B8385D53B1F61D2C099 /* Pods_DevFramework.framework */ = {isa = PBXFileReference; explicitFileType = wrapper.framework; includeInIndex = 0; path = Pods_DevFramework.framework; sourceTree = BUILT_PRODUCTS_DIR; };
		166350FAC48CDF688AFF0AEA /* Pods-DevFrameworkUITests.release.xcconfig */ = {isa = PBXFileReference; includeInIndex = 1; lastKnownFileType = text.xcconfig; name = "Pods-DevFrameworkUITests.release.xcconfig"; path = "Pods/Target Support Files/Pods-DevFrameworkUITests/Pods-DevFrameworkUITests.release.xcconfig"; sourceTree = "<group>"; };
		6F499BB3F77F77EE16F1C5BA /* Pods-DevFrameworkUITests.debug.xcconfig */ = {isa = PBXFileReference; includeInIndex = 1; lastKnownFileType = text.xcconfig; name = "Pods-DevFrameworkUITests.debug.xcconfig"; path = "Pods/Target Support Files/Pods-DevFrameworkUITests/Pods-DevFrameworkUITests.debug.xcconfig"; sourceTree = "<group>"; };
		704C5F240BA45BB6E183D1F8 /* Pods-DevFrameworkTests.release.xcconfig */ = {isa = PBXFileReference; includeInIndex = 1; lastKnownFileType = text.xcconfig; name = "Pods-DevFrameworkTests.release.xcconfig"; path = "Pods/Target Support Files/Pods-DevFrameworkTests/Pods-DevFrameworkTests.release.xcconfig"; sourceTree = "<group>"; };
		8E563D54187FF44E72809392 /* Pods-DevFramework.debug.xcconfig */ = {isa = PBXFileReference; includeInIndex = 1; lastKnownFileType = text.xcconfig; name = "Pods-DevFramework.debug.xcconfig"; path = "Pods/Target Support Files/Pods-DevFramework/Pods-DevFramework.debug.xcconfig"; sourceTree = "<group>"; };
		9E04992C2151FB0A00648E69 /* ZFTestVc.swift */ = {isa = PBXFileReference; lastKnownFileType = sourcecode.swift; path = ZFTestVc.swift; sourceTree = "<group>"; };
		9E2A7E5022705A230082F76C /* RXRegister.swift */ = {isa = PBXFileReference; lastKnownFileType = sourcecode.swift; path = RXRegister.swift; sourceTree = "<group>"; };
		9E2A7E5122705A230082F76C /* RXRegister.xib */ = {isa = PBXFileReference; lastKnownFileType = file.xib; path = RXRegister.xib; sourceTree = "<group>"; };
		9E2A7E5522705F630082F76C /* Protocols.swift */ = {isa = PBXFileReference; lastKnownFileType = sourcecode.swift; path = Protocols.swift; sourceTree = "<group>"; };
		9E2A7E57227062F70082F76C /* RXGithubDefaultValidationService.swift */ = {isa = PBXFileReference; lastKnownFileType = sourcecode.swift; path = RXGithubDefaultValidationService.swift; sourceTree = "<group>"; };
		9E2A7E59227069940082F76C /* String+URL.swift */ = {isa = PBXFileReference; lastKnownFileType = sourcecode.swift; path = "String+URL.swift"; sourceTree = "<group>"; };
		9E2A7E5B22706C200082F76C /* BindingExtensions.swift */ = {isa = PBXFileReference; lastKnownFileType = sourcecode.swift; path = BindingExtensions.swift; sourceTree = "<group>"; };
		9E2A7E5D22706E1C0082F76C /* RXRegisterViewModel.swift */ = {isa = PBXFileReference; lastKnownFileType = sourcecode.swift; path = RXRegisterViewModel.swift; sourceTree = "<group>"; };
		9E2A7E60227098880082F76C /* Wireframe.swift */ = {isa = PBXFileReference; fileEncoding = 4; lastKnownFileType = sourcecode.swift; path = Wireframe.swift; sourceTree = "<group>"; };
		9E2A7E61227098880082F76C /* ActivityIndicator.swift */ = {isa = PBXFileReference; fileEncoding = 4; lastKnownFileType = sourcecode.swift; path = ActivityIndicator.swift; sourceTree = "<group>"; };
		9E2A7E6422715B980082F76C /* ViewController.swift */ = {isa = PBXFileReference; lastKnownFileType = sourcecode.swift; path = ViewController.swift; sourceTree = "<group>"; };
		9E53F0B72293FB1700A8D850 /* ZFNetworkTool.swift */ = {isa = PBXFileReference; lastKnownFileType = sourcecode.swift; path = ZFNetworkTool.swift; sourceTree = "<group>"; };
		9E53F0B92293FBEF00A8D850 /* ZFRouter.swift */ = {isa = PBXFileReference; lastKnownFileType = sourcecode.swift; path = ZFRouter.swift; sourceTree = "<group>"; };
		9E53F0BB229407C500A8D850 /* ZFNetError.swift */ = {isa = PBXFileReference; lastKnownFileType = sourcecode.swift; path = ZFNetError.swift; sourceTree = "<group>"; };
		9E53F0BE229428AE00A8D850 /* ZFMessageModel.swift */ = {isa = PBXFileReference; lastKnownFileType = sourcecode.swift; path = ZFMessageModel.swift; sourceTree = "<group>"; };
		9E53F0C022942BB200A8D850 /* ZFTestNetAFVC.swift */ = {isa = PBXFileReference; lastKnownFileType = sourcecode.swift; path = ZFTestNetAFVC.swift; sourceTree = "<group>"; };
		9E53F0C4229502D700A8D850 /* ZFBaseStruct.swift */ = {isa = PBXFileReference; lastKnownFileType = sourcecode.swift; path = ZFBaseStruct.swift; sourceTree = "<group>"; };
		9E61D05F2231011C0014E23C /* CoreGraphics.framework */ = {isa = PBXFileReference; lastKnownFileType = wrapper.framework; name = CoreGraphics.framework; path = System/Library/Frameworks/CoreGraphics.framework; sourceTree = SDKROOT; };
		9E61D061223101780014E23C /* CoreFoundation.framework */ = {isa = PBXFileReference; lastKnownFileType = wrapper.framework; name = CoreFoundation.framework; path = System/Library/Frameworks/CoreFoundation.framework; sourceTree = SDKROOT; };
		9E61D063223101820014E23C /* Foundation.framework */ = {isa = PBXFileReference; lastKnownFileType = wrapper.framework; name = Foundation.framework; path = System/Library/Frameworks/Foundation.framework; sourceTree = SDKROOT; };
		9E61D065223101900014E23C /* AVFoundation.framework */ = {isa = PBXFileReference; lastKnownFileType = wrapper.framework; name = AVFoundation.framework; path = System/Library/Frameworks/AVFoundation.framework; sourceTree = SDKROOT; };
		9E624B0C215E1F0200DC059B /* RXTableViewVC.swift */ = {isa = PBXFileReference; lastKnownFileType = sourcecode.swift; path = RXTableViewVC.swift; sourceTree = "<group>"; };
		9E83A8102188545200806906 /* RXCircleVC.swift */ = {isa = PBXFileReference; lastKnownFileType = sourcecode.swift; path = RXCircleVC.swift; sourceTree = "<group>"; };
		9EC843E223C57EDE00D0E566 /* SystemProtocol.swift */ = {isa = PBXFileReference; lastKnownFileType = sourcecode.swift; path = SystemProtocol.swift; sourceTree = "<group>"; };
		9EC843E423C584F300D0E566 /* UserDefaults+Extension.swift */ = {isa = PBXFileReference; lastKnownFileType = sourcecode.swift; path = "UserDefaults+Extension.swift"; sourceTree = "<group>"; };
		9EC843E623C5AF2900D0E566 /* LineProtocol.swift */ = {isa = PBXFileReference; lastKnownFileType = sourcecode.swift; path = LineProtocol.swift; sourceTree = "<group>"; };
		9EC843EE23C5CF3300D0E566 /* ListProtocol.swift */ = {isa = PBXFileReference; lastKnownFileType = sourcecode.swift; path = ListProtocol.swift; sourceTree = "<group>"; };
		9EC843F023C6DAEF00D0E566 /* GiftDropImageView.swift */ = {isa = PBXFileReference; lastKnownFileType = sourcecode.swift; path = GiftDropImageView.swift; sourceTree = "<group>"; };
		9EC843F223C6DB8400D0E566 /* UIView+Extension.swift */ = {isa = PBXFileReference; lastKnownFileType = sourcecode.swift; path = "UIView+Extension.swift"; sourceTree = "<group>"; };
		9EEAC498215C7931005BAACE /* DevFramework copy-Info.plist */ = {isa = PBXFileReference; lastKnownFileType = text.plist.xml; name = "DevFramework copy-Info.plist"; path = "/Users/zhangzhifang/DevFramework_Swift/DevFramework/DevFramework copy-Info.plist"; sourceTree = "<absolute>"; };
		9EEAC49D215C7982005BAACE /* pushsvcext.appex */ = {isa = PBXFileReference; explicitFileType = "wrapper.app-extension"; includeInIndex = 0; path = pushsvcext.appex; sourceTree = BUILT_PRODUCTS_DIR; };
		9EEAC49F215C7982005BAACE /* NotificationService.swift */ = {isa = PBXFileReference; lastKnownFileType = sourcecode.swift; path = NotificationService.swift; sourceTree = "<group>"; };
		9EEAC4A1215C7982005BAACE /* Info.plist */ = {isa = PBXFileReference; lastKnownFileType = text.plist.xml; path = Info.plist; sourceTree = "<group>"; };
		9EEAC4A9215C79EB005BAACE /* UserNotifications.framework */ = {isa = PBXFileReference; lastKnownFileType = wrapper.framework; name = UserNotifications.framework; path = System/Library/Frameworks/UserNotifications.framework; sourceTree = SDKROOT; };
		9EEAC4AB215C7A07005BAACE /* libz.tbd */ = {isa = PBXFileReference; lastKnownFileType = "sourcecode.text-based-dylib-definition"; name = libz.tbd; path = usr/lib/libz.tbd; sourceTree = SDKROOT; };
		9EEAC4AD215C7A0D005BAACE /* libsqlite3.0.tbd */ = {isa = PBXFileReference; lastKnownFileType = "sourcecode.text-based-dylib-definition"; name = libsqlite3.0.tbd; path = usr/lib/libsqlite3.0.tbd; sourceTree = SDKROOT; };
		9EEAC4E9215CC0E4005BAACE /* ZFTraitsVC.swift */ = {isa = PBXFileReference; lastKnownFileType = sourcecode.swift; path = ZFTraitsVC.swift; sourceTree = "<group>"; };
		A10D11DC201F0D2B00A463E1 /* main.json */ = {isa = PBXFileReference; fileEncoding = 4; lastKnownFileType = text.json; path = main.json; sourceTree = "<group>"; };
		A138AB4A203FB43500CD679B /* NIibLoadable.swift */ = {isa = PBXFileReference; lastKnownFileType = sourcecode.swift; path = NIibLoadable.swift; sourceTree = "<group>"; };
		A138AB4C203FCCC100CD679B /* ZFNewFeatureView.xib */ = {isa = PBXFileReference; lastKnownFileType = file.xib; path = ZFNewFeatureView.xib; sourceTree = "<group>"; };
		A138AB4F2040158A00CD679B /* ZFStatusCell.swift */ = {isa = PBXFileReference; lastKnownFileType = sourcecode.swift; path = ZFStatusCell.swift; sourceTree = "<group>"; };
		A138AB51204015BC00CD679B /* ZFStatusNormalCell.xib */ = {isa = PBXFileReference; lastKnownFileType = file.xib; path = ZFStatusNormalCell.xib; sourceTree = "<group>"; };
		A138AB5320401F9D00CD679B /* ZFUser.swift */ = {isa = PBXFileReference; lastKnownFileType = sourcecode.swift; path = ZFUser.swift; sourceTree = "<group>"; };
		A138AB552040235900CD679B /* ZFStatusViewModel.swift */ = {isa = PBXFileReference; lastKnownFileType = sourcecode.swift; path = ZFStatusViewModel.swift; sourceTree = "<group>"; };
		A1458B4B201AE16300BC6A3B /* DevFramework.app */ = {isa = PBXFileReference; explicitFileType = wrapper.application; includeInIndex = 0; path = DevFramework.app; sourceTree = BUILT_PRODUCTS_DIR; };
		A1458B4E201AE16400BC6A3B /* AppDelegate.swift */ = {isa = PBXFileReference; lastKnownFileType = sourcecode.swift; path = AppDelegate.swift; sourceTree = "<group>"; };
		A1458B55201AE16400BC6A3B /* Assets.xcassets */ = {isa = PBXFileReference; lastKnownFileType = folder.assetcatalog; path = Assets.xcassets; sourceTree = "<group>"; };
		A1458B5A201AE16400BC6A3B /* Info.plist */ = {isa = PBXFileReference; lastKnownFileType = text.plist.xml; path = Info.plist; sourceTree = "<group>"; };
		A1458B5F201AE16400BC6A3B /* DevFrameworkTests.xctest */ = {isa = PBXFileReference; explicitFileType = wrapper.cfbundle; includeInIndex = 0; path = DevFrameworkTests.xctest; sourceTree = BUILT_PRODUCTS_DIR; };
		A1458B63201AE16400BC6A3B /* DevFrameworkTests.swift */ = {isa = PBXFileReference; lastKnownFileType = sourcecode.swift; path = DevFrameworkTests.swift; sourceTree = "<group>"; };
		A1458B65201AE16500BC6A3B /* Info.plist */ = {isa = PBXFileReference; lastKnownFileType = text.plist.xml; path = Info.plist; sourceTree = "<group>"; };
		A1458B6A201AE16500BC6A3B /* DevFrameworkUITests.xctest */ = {isa = PBXFileReference; explicitFileType = wrapper.cfbundle; includeInIndex = 0; path = DevFrameworkUITests.xctest; sourceTree = BUILT_PRODUCTS_DIR; };
		A1458B6E201AE16500BC6A3B /* DevFrameworkUITests.swift */ = {isa = PBXFileReference; lastKnownFileType = sourcecode.swift; path = DevFrameworkUITests.swift; sourceTree = "<group>"; };
		A1458B70201AE16500BC6A3B /* Info.plist */ = {isa = PBXFileReference; lastKnownFileType = text.plist.xml; path = Info.plist; sourceTree = "<group>"; };
		A1458B8A201AEBF600BC6A3B /* ZFMainViewController.swift */ = {isa = PBXFileReference; lastKnownFileType = sourcecode.swift; path = ZFMainViewController.swift; sourceTree = "<group>"; };
		A1458B8C201AEC2000BC6A3B /* ZFNavigationController.swift */ = {isa = PBXFileReference; lastKnownFileType = sourcecode.swift; path = ZFNavigationController.swift; sourceTree = "<group>"; };
		A1458B8E201AEC3F00BC6A3B /* ZFBaseViewController.swift */ = {isa = PBXFileReference; lastKnownFileType = sourcecode.swift; path = ZFBaseViewController.swift; sourceTree = "<group>"; };
		A1458B90201AEC7100BC6A3B /* ZFHomeViewController.swift */ = {isa = PBXFileReference; lastKnownFileType = sourcecode.swift; path = ZFHomeViewController.swift; sourceTree = "<group>"; };
		A1458B92201AEC7D00BC6A3B /* ZFMessageViewController.swift */ = {isa = PBXFileReference; lastKnownFileType = sourcecode.swift; path = ZFMessageViewController.swift; sourceTree = "<group>"; };
		A1458B94201AEC8700BC6A3B /* ZFProfileViewController.swift */ = {isa = PBXFileReference; lastKnownFileType = sourcecode.swift; path = ZFProfileViewController.swift; sourceTree = "<group>"; };
		A1458B98201AF8E600BC6A3B /* Bundle.swift */ = {isa = PBXFileReference; lastKnownFileType = sourcecode.swift; path = Bundle.swift; sourceTree = "<group>"; };
		A1458B9B201AFE3200BC6A3B /* ZFDiscoveryViewController.swift */ = {isa = PBXFileReference; lastKnownFileType = sourcecode.swift; path = ZFDiscoveryViewController.swift; sourceTree = "<group>"; };
		A1458B9F201B0BA300BC6A3B /* ZFDemoViewController.swift */ = {isa = PBXFileReference; lastKnownFileType = sourcecode.swift; path = ZFDemoViewController.swift; sourceTree = "<group>"; };
		A1458BA1201B145900BC6A3B /* UIBarButtonItem+Extension.swift */ = {isa = PBXFileReference; lastKnownFileType = sourcecode.swift; path = "UIBarButtonItem+Extension.swift"; sourceTree = "<group>"; };
		A1DD005120494810005B9EAC /* ZFComposeTypeView.swift */ = {isa = PBXFileReference; lastKnownFileType = sourcecode.swift; path = ZFComposeTypeView.swift; sourceTree = "<group>"; };
		A1DD005320494AD1005B9EAC /* ZFComposeTypeView.xib */ = {isa = PBXFileReference; lastKnownFileType = file.xib; path = ZFComposeTypeView.xib; sourceTree = "<group>"; };
		A1E271ED202C52DC0016B851 /* ZFCommon.swift */ = {isa = PBXFileReference; lastKnownFileType = sourcecode.swift; path = ZFCommon.swift; sourceTree = "<group>"; };
		A1E271F0202C549A0016B851 /* ZFOAuthViewController.swift */ = {isa = PBXFileReference; lastKnownFileType = sourcecode.swift; path = ZFOAuthViewController.swift; sourceTree = "<group>"; };
		A1EC720420241B360070B6EF /* ZFNetworkMnager+Extension.swift */ = {isa = PBXFileReference; lastKnownFileType = sourcecode.swift; path = "ZFNetworkMnager+Extension.swift"; sourceTree = "<group>"; };
		A1EC7206202444970070B6EF /* ZFStatuses.swift */ = {isa = PBXFileReference; lastKnownFileType = sourcecode.swift; path = ZFStatuses.swift; sourceTree = "<group>"; };
		A1EC7208202446260070B6EF /* ZFStatusesListViewModel.swift */ = {isa = PBXFileReference; lastKnownFileType = sourcecode.swift; path = ZFStatusesListViewModel.swift; sourceTree = "<group>"; };
		A1F019DA20410A220074A0B9 /* UIImageView+WebImage.swift */ = {isa = PBXFileReference; lastKnownFileType = sourcecode.swift; path = "UIImageView+WebImage.swift"; sourceTree = "<group>"; };
		A1F019DC20410CC90074A0B9 /* UIImage+Extension.swift */ = {isa = PBXFileReference; lastKnownFileType = sourcecode.swift; path = "UIImage+Extension.swift"; sourceTree = "<group>"; };
		A1F019DE20411ABE0074A0B9 /* ZFStatusToolBar.swift */ = {isa = PBXFileReference; lastKnownFileType = sourcecode.swift; path = ZFStatusToolBar.swift; sourceTree = "<group>"; };
		A1F019E0204141A90074A0B9 /* ZFStatusPictureView.swift */ = {isa = PBXFileReference; lastKnownFileType = sourcecode.swift; path = ZFStatusPictureView.swift; sourceTree = "<group>"; };
		A1F019E2204145DC0074A0B9 /* ZFStatusPicture.swift */ = {isa = PBXFileReference; lastKnownFileType = sourcecode.swift; path = ZFStatusPicture.swift; sourceTree = "<group>"; };
		A1F019E420416E3A0074A0B9 /* ZFStatusRetweetedCell.xib */ = {isa = PBXFileReference; fileEncoding = 4; lastKnownFileType = file.xib; path = ZFStatusRetweetedCell.xib; sourceTree = "<group>"; };
		A1F6E7282044F8C8005E9A64 /* ZFRefreshControl.swift */ = {isa = PBXFileReference; lastKnownFileType = sourcecode.swift; path = ZFRefreshControl.swift; sourceTree = "<group>"; };
		A1F6E72A20450C58005E9A64 /* ZFRefreshView.xib */ = {isa = PBXFileReference; lastKnownFileType = file.xib; path = ZFRefreshView.xib; sourceTree = "<group>"; };
		A1F6E72C20450D28005E9A64 /* ZFRefreshView.swift */ = {isa = PBXFileReference; lastKnownFileType = sourcecode.swift; path = ZFRefreshView.swift; sourceTree = "<group>"; };
		A1F741FB20231D3E004D6FEF /* ZFNetworkManager.swift */ = {isa = PBXFileReference; lastKnownFileType = sourcecode.swift; path = ZFNetworkManager.swift; sourceTree = "<group>"; };
		A1FF87FD202FE83400702626 /* ZFUserAccount.swift */ = {isa = PBXFileReference; lastKnownFileType = sourcecode.swift; path = ZFUserAccount.swift; sourceTree = "<group>"; };
		A1FF87FF202FF82C00702626 /* String+Extension.swift */ = {isa = PBXFileReference; lastKnownFileType = sourcecode.swift; path = "String+Extension.swift"; sourceTree = "<group>"; };
		A1FF8802203049B000702626 /* ZFWelcomView.swift */ = {isa = PBXFileReference; lastKnownFileType = sourcecode.swift; path = ZFWelcomView.swift; sourceTree = "<group>"; };
		A1FF8804203049C000702626 /* ZFNewFeatureView.swift */ = {isa = PBXFileReference; lastKnownFileType = sourcecode.swift; path = ZFNewFeatureView.swift; sourceTree = "<group>"; };
		A1FF880820304D0000702626 /* ZFWelcomView.xib */ = {isa = PBXFileReference; lastKnownFileType = file.xib; path = ZFWelcomView.xib; sourceTree = "<group>"; };
		A290CD55C95366046B957473 /* Pods-DevFramework.release.xcconfig */ = {isa = PBXFileReference; includeInIndex = 1; lastKnownFileType = text.xcconfig; name = "Pods-DevFramework.release.xcconfig"; path = "Pods/Target Support Files/Pods-DevFramework/Pods-DevFramework.release.xcconfig"; sourceTree = "<group>"; };
		A6178E128B8B38780DC55501 /* Pods_DevFrameworkTests.framework */ = {isa = PBXFileReference; explicitFileType = wrapper.framework; includeInIndex = 0; path = Pods_DevFrameworkTests.framework; sourceTree = BUILT_PRODUCTS_DIR; };
		AEED6E5D214EABAA846B4685 /* Pods-DevFrameworkTests.debug.xcconfig */ = {isa = PBXFileReference; includeInIndex = 1; lastKnownFileType = text.xcconfig; name = "Pods-DevFrameworkTests.debug.xcconfig"; path = "Pods/Target Support Files/Pods-DevFrameworkTests/Pods-DevFrameworkTests.debug.xcconfig"; sourceTree = "<group>"; };
		E727DC21B1E39F454AF228D6 /* Pods_DevFrameworkUITests.framework */ = {isa = PBXFileReference; explicitFileType = wrapper.framework; includeInIndex = 0; path = Pods_DevFrameworkUITests.framework; sourceTree = BUILT_PRODUCTS_DIR; };
/* End PBXFileReference section */

/* Begin PBXFrameworksBuildPhase section */
		9EEAC49A215C7982005BAACE /* Frameworks */ = {
			isa = PBXFrameworksBuildPhase;
			buildActionMask = 2147483647;
			files = (
				9EEAC4AE215C7A0D005BAACE /* libsqlite3.0.tbd in Frameworks */,
				9EEAC4AC215C7A07005BAACE /* libz.tbd in Frameworks */,
				9EEAC4AA215C79EB005BAACE /* UserNotifications.framework in Frameworks */,
			);
			runOnlyForDeploymentPostprocessing = 0;
		};
		A1458B48201AE16300BC6A3B /* Frameworks */ = {
			isa = PBXFrameworksBuildPhase;
			buildActionMask = 2147483647;
			files = (
				9E61D066223101900014E23C /* AVFoundation.framework in Frameworks */,
				9E61D064223101820014E23C /* Foundation.framework in Frameworks */,
				9E61D062223101780014E23C /* CoreFoundation.framework in Frameworks */,
				9E61D0602231011C0014E23C /* CoreGraphics.framework in Frameworks */,
				A619E810C59DF5A7DF903089 /* Pods_DevFramework.framework in Frameworks */,
			);
			runOnlyForDeploymentPostprocessing = 0;
		};
		A1458B5C201AE16400BC6A3B /* Frameworks */ = {
			isa = PBXFrameworksBuildPhase;
			buildActionMask = 2147483647;
			files = (
				D2D3C5655158702C9E859DFC /* Pods_DevFrameworkTests.framework in Frameworks */,
			);
			runOnlyForDeploymentPostprocessing = 0;
		};
		A1458B67201AE16500BC6A3B /* Frameworks */ = {
			isa = PBXFrameworksBuildPhase;
			buildActionMask = 2147483647;
			files = (
				9C0CEB1CEFFFC53DD4600E3D /* Pods_DevFrameworkUITests.framework in Frameworks */,
			);
			runOnlyForDeploymentPostprocessing = 0;
		};
/* End PBXFrameworksBuildPhase section */

/* Begin PBXGroup section */
		274A52B4D049DB0A82199E7F /* Pods */ = {
			isa = PBXGroup;
			children = (
				8E563D54187FF44E72809392 /* Pods-DevFramework.debug.xcconfig */,
				A290CD55C95366046B957473 /* Pods-DevFramework.release.xcconfig */,
				AEED6E5D214EABAA846B4685 /* Pods-DevFrameworkTests.debug.xcconfig */,
				704C5F240BA45BB6E183D1F8 /* Pods-DevFrameworkTests.release.xcconfig */,
				6F499BB3F77F77EE16F1C5BA /* Pods-DevFrameworkUITests.debug.xcconfig */,
				166350FAC48CDF688AFF0AEA /* Pods-DevFrameworkUITests.release.xcconfig */,
			);
			name = Pods;
			sourceTree = "<group>";
		};
		9E2A7E5422705EE80082F76C /* RXRegister */ = {
			isa = PBXGroup;
			children = (
				9E2A7E5022705A230082F76C /* RXRegister.swift */,
				9E2A7E5122705A230082F76C /* RXRegister.xib */,
				9E2A7E5522705F630082F76C /* Protocols.swift */,
				9E2A7E57227062F70082F76C /* RXGithubDefaultValidationService.swift */,
				9E2A7E5B22706C200082F76C /* BindingExtensions.swift */,
				9E2A7E5D22706E1C0082F76C /* RXRegisterViewModel.swift */,
			);
			path = RXRegister;
			sourceTree = "<group>";
		};
		9E2A7E5F2270986C0082F76C /* Services */ = {
			isa = PBXGroup;
			children = (
				9E2A7E61227098880082F76C /* ActivityIndicator.swift */,
				9E2A7E60227098880082F76C /* Wireframe.swift */,
			);
			path = Services;
			sourceTree = "<group>";
		};
		9E53F0B62293FAA800A8D850 /* NetworkForAlamofire */ = {
			isa = PBXGroup;
			children = (
				9E53F0B72293FB1700A8D850 /* ZFNetworkTool.swift */,
				9E53F0B92293FBEF00A8D850 /* ZFRouter.swift */,
				9E53F0BB229407C500A8D850 /* ZFNetError.swift */,
				9E53F0C4229502D700A8D850 /* ZFBaseStruct.swift */,
			);
			path = NetworkForAlamofire;
			sourceTree = "<group>";
		};
		9E53F0BD2294287800A8D850 /* TextNetAlamofire */ = {
			isa = PBXGroup;
			children = (
				9E53F0BE229428AE00A8D850 /* ZFMessageModel.swift */,
				9E53F0C022942BB200A8D850 /* ZFTestNetAFVC.swift */,
			);
			path = TextNetAlamofire;
			sourceTree = "<group>";
		};
		9EEAC49E215C7982005BAACE /* pushsvcext */ = {
			isa = PBXGroup;
			children = (
				9EEAC49F215C7982005BAACE /* NotificationService.swift */,
				9EEAC4A1215C7982005BAACE /* Info.plist */,
			);
			path = pushsvcext;
			sourceTree = "<group>";
		};
		A10D11DB201F00E500A463E1 /* MainController */ = {
			isa = PBXGroup;
			children = (
				A1FF88012030498F00702626 /* NewFeature */,
				A10D11DC201F0D2B00A463E1 /* main.json */,
				A1458B8A201AEBF600BC6A3B /* ZFMainViewController.swift */,
				A1458B8C201AEC2000BC6A3B /* ZFNavigationController.swift */,
			);
			path = MainController;
			sourceTree = "<group>";
		};
		A138AB4E2040154D00CD679B /* StatusCell */ = {
			isa = PBXGroup;
			children = (
				A138AB4F2040158A00CD679B /* ZFStatusCell.swift */,
				A138AB51204015BC00CD679B /* ZFStatusNormalCell.xib */,
				A1F019DE20411ABE0074A0B9 /* ZFStatusToolBar.swift */,
				A1F019E0204141A90074A0B9 /* ZFStatusPictureView.swift */,
				A1F019E420416E3A0074A0B9 /* ZFStatusRetweetedCell.xib */,
			);
			path = StatusCell;
			sourceTree = "<group>";
		};
		A1458B42201AE16300BC6A3B = {
			isa = PBXGroup;
			children = (
				A1458B4D201AE16400BC6A3B /* DevFramework */,
				A1458B62201AE16400BC6A3B /* DevFrameworkTests */,
				A1458B6D201AE16500BC6A3B /* DevFrameworkUITests */,
				9EEAC49E215C7982005BAACE /* pushsvcext */,
				A1458B4C201AE16300BC6A3B /* Products */,
				274A52B4D049DB0A82199E7F /* Pods */,
				B952D0FDFCF1EEC74FAF1F30 /* Frameworks */,
				9EEAC498215C7931005BAACE /* DevFramework copy-Info.plist */,
			);
			sourceTree = "<group>";
		};
		A1458B4C201AE16300BC6A3B /* Products */ = {
			isa = PBXGroup;
			children = (
				A1458B4B201AE16300BC6A3B /* DevFramework.app */,
				A1458B5F201AE16400BC6A3B /* DevFrameworkTests.xctest */,
				A1458B6A201AE16500BC6A3B /* DevFrameworkUITests.xctest */,
				9EEAC49D215C7982005BAACE /* pushsvcext.appex */,
			);
			name = Products;
			sourceTree = "<group>";
		};
		A1458B4D201AE16400BC6A3B /* DevFramework */ = {
			isa = PBXGroup;
			children = (
				A1458B81201AEB4E00BC6A3B /* Classes */,
				A1458B4E201AE16400BC6A3B /* AppDelegate.swift */,
				A1458B55201AE16400BC6A3B /* Assets.xcassets */,
				A1458B5A201AE16400BC6A3B /* Info.plist */,
			);
			path = DevFramework;
			sourceTree = "<group>";
		};
		A1458B62201AE16400BC6A3B /* DevFrameworkTests */ = {
			isa = PBXGroup;
			children = (
				A1458B63201AE16400BC6A3B /* DevFrameworkTests.swift */,
				A1458B65201AE16500BC6A3B /* Info.plist */,
			);
			path = DevFrameworkTests;
			sourceTree = "<group>";
		};
		A1458B6D201AE16500BC6A3B /* DevFrameworkUITests */ = {
			isa = PBXGroup;
			children = (
				A1458B6E201AE16500BC6A3B /* DevFrameworkUITests.swift */,
				A1458B70201AE16500BC6A3B /* Info.plist */,
			);
			path = DevFrameworkUITests;
			sourceTree = "<group>";
		};
		A1458B81201AEB4E00BC6A3B /* Classes */ = {
			isa = PBXGroup;
			children = (
				A1458B82201AEB5900BC6A3B /* View */,
				A1458B85201AEB7C00BC6A3B /* Model */,
				A1458B84201AEB7600BC6A3B /* Tools */,
				A1458B83201AEB6B00BC6A3B /* ViewModel */,
			);
			path = Classes;
			sourceTree = "<group>";
		};
		A1458B82201AEB5900BC6A3B /* View */ = {
			isa = PBXGroup;
			children = (
				A1DD0050204947A4005B9EAC /* Compose(撰写) */,
				A1458B86201AEB9000BC6A3B /* Main */,
				A1458B87201AEB9900BC6A3B /* Home */,
				A1458B88201AEBA200BC6A3B /* Message */,
				A1458B9A201AFE1500BC6A3B /* Discovery */,
				A1458B89201AEBA700BC6A3B /* Profile */,
			);
			path = View;
			sourceTree = "<group>";
		};
		A1458B83201AEB6B00BC6A3B /* ViewModel */ = {
			isa = PBXGroup;
			children = (
				A1EC7208202446260070B6EF /* ZFStatusesListViewModel.swift */,
				A138AB552040235900CD679B /* ZFStatusViewModel.swift */,
			);
			path = ViewModel;
			sourceTree = "<group>";
		};
		A1458B84201AEB7600BC6A3B /* Tools */ = {
			isa = PBXGroup;
			children = (
				9E53F0B62293FAA800A8D850 /* NetworkForAlamofire */,
				A1F6E7272044F813005E9A64 /* RefreshController */,
				A1F741FA20231D05004D6FEF /* Network */,
				A1458B96201AF88C00BC6A3B /* Extension */,
				A1E271ED202C52DC0016B851 /* ZFCommon.swift */,
			);
			path = Tools;
			sourceTree = "<group>";
		};
		A1458B85201AEB7C00BC6A3B /* Model */ = {
			isa = PBXGroup;
			children = (
				A1EC7206202444970070B6EF /* ZFStatuses.swift */,
				A138AB5320401F9D00CD679B /* ZFUser.swift */,
				A1F019E2204145DC0074A0B9 /* ZFStatusPicture.swift */,
			);
			path = Model;
			sourceTree = "<group>";
		};
		A1458B86201AEB9000BC6A3B /* Main */ = {
			isa = PBXGroup;
			children = (
				A1E271EF202C54740016B851 /* OAuth */,
				A10D11DB201F00E500A463E1 /* MainController */,
				A1458B9E201B0B9300BC6A3B /* Test */,
				A1458B8E201AEC3F00BC6A3B /* ZFBaseViewController.swift */,
			);
			path = Main;
			sourceTree = "<group>";
		};
		A1458B87201AEB9900BC6A3B /* Home */ = {
			isa = PBXGroup;
			children = (
				A138AB4E2040154D00CD679B /* StatusCell */,
				A1458B90201AEC7100BC6A3B /* ZFHomeViewController.swift */,
			);
			path = Home;
			sourceTree = "<group>";
		};
		A1458B88201AEBA200BC6A3B /* Message */ = {
			isa = PBXGroup;
			children = (
				A1458B92201AEC7D00BC6A3B /* ZFMessageViewController.swift */,
			);
			path = Message;
			sourceTree = "<group>";
		};
		A1458B89201AEBA700BC6A3B /* Profile */ = {
			isa = PBXGroup;
			children = (
				A1458B94201AEC8700BC6A3B /* ZFProfileViewController.swift */,
			);
			path = Profile;
			sourceTree = "<group>";
		};
		A1458B96201AF88C00BC6A3B /* Extension */ = {
			isa = PBXGroup;
			children = (
				A1458B98201AF8E600BC6A3B /* Bundle.swift */,
				A1458BA1201B145900BC6A3B /* UIBarButtonItem+Extension.swift */,
				A1FF87FF202FF82C00702626 /* String+Extension.swift */,
				A138AB4A203FB43500CD679B /* NIibLoadable.swift */,
				A1F019DA20410A220074A0B9 /* UIImageView+WebImage.swift */,
				A1F019DC20410CC90074A0B9 /* UIImage+Extension.swift */,
				9EC843F223C6DB8400D0E566 /* UIView+Extension.swift */,
			);
			path = Extension;
			sourceTree = "<group>";
		};
		A1458B9A201AFE1500BC6A3B /* Discovery */ = {
			isa = PBXGroup;
			children = (
				A1458B9B201AFE3200BC6A3B /* ZFDiscoveryViewController.swift */,
			);
			path = Discovery;
			sourceTree = "<group>";
		};
		A1458B9E201B0B9300BC6A3B /* Test */ = {
			isa = PBXGroup;
			children = (
				9E53F0BD2294287800A8D850 /* TextNetAlamofire */,
				9E2A7E5F2270986C0082F76C /* Services */,
				9E2A7E5422705EE80082F76C /* RXRegister */,
				9E04992C2151FB0A00648E69 /* ZFTestVc.swift */,
				9EEAC4E9215CC0E4005BAACE /* ZFTraitsVC.swift */,
				9E624B0C215E1F0200DC059B /* RXTableViewVC.swift */,
				9E83A8102188545200806906 /* RXCircleVC.swift */,
				A1458B9F201B0BA300BC6A3B /* ZFDemoViewController.swift */,
				9E2A7E59227069940082F76C /* String+URL.swift */,
				9E2A7E6422715B980082F76C /* ViewController.swift */,
				9EC843E223C57EDE00D0E566 /* SystemProtocol.swift */,
				9EC843E423C584F300D0E566 /* UserDefaults+Extension.swift */,
				9EC843E623C5AF2900D0E566 /* LineProtocol.swift */,
				9EC843EE23C5CF3300D0E566 /* ListProtocol.swift */,
				9EC843F023C6DAEF00D0E566 /* GiftDropImageView.swift */,
			);
			path = Test;
			sourceTree = "<group>";
		};
		A1DD0050204947A4005B9EAC /* Compose(撰写) */ = {
			isa = PBXGroup;
			children = (
				A1DD005120494810005B9EAC /* ZFComposeTypeView.swift */,
				A1DD005320494AD1005B9EAC /* ZFComposeTypeView.xib */,
			);
			path = "Compose(撰写)";
			sourceTree = "<group>";
		};
		A1E271EF202C54740016B851 /* OAuth */ = {
			isa = PBXGroup;
			children = (
				A1E271F0202C549A0016B851 /* ZFOAuthViewController.swift */,
			);
			path = OAuth;
			sourceTree = "<group>";
		};
		A1F6E7272044F813005E9A64 /* RefreshController */ = {
			isa = PBXGroup;
			children = (
				A1F6E7282044F8C8005E9A64 /* ZFRefreshControl.swift */,
				A1F6E72A20450C58005E9A64 /* ZFRefreshView.xib */,
				A1F6E72C20450D28005E9A64 /* ZFRefreshView.swift */,
			);
			path = RefreshController;
			sourceTree = "<group>";
		};
		A1F741FA20231D05004D6FEF /* Network */ = {
			isa = PBXGroup;
			children = (
				A1FF87FC202FE7FB00702626 /* Model */,
				A1F741FB20231D3E004D6FEF /* ZFNetworkManager.swift */,
				A1EC720420241B360070B6EF /* ZFNetworkMnager+Extension.swift */,
			);
			path = Network;
			sourceTree = "<group>";
		};
		A1FF87FC202FE7FB00702626 /* Model */ = {
			isa = PBXGroup;
			children = (
				A1FF87FD202FE83400702626 /* ZFUserAccount.swift */,
			);
			path = Model;
			sourceTree = "<group>";
		};
		A1FF88012030498F00702626 /* NewFeature */ = {
			isa = PBXGroup;
			children = (
				A1FF8802203049B000702626 /* ZFWelcomView.swift */,
				A1FF880820304D0000702626 /* ZFWelcomView.xib */,
				A1FF8804203049C000702626 /* ZFNewFeatureView.swift */,
				A138AB4C203FCCC100CD679B /* ZFNewFeatureView.xib */,
			);
			path = NewFeature;
			sourceTree = "<group>";
		};
		B952D0FDFCF1EEC74FAF1F30 /* Frameworks */ = {
			isa = PBXGroup;
			children = (
				9E61D065223101900014E23C /* AVFoundation.framework */,
				9E61D063223101820014E23C /* Foundation.framework */,
				9E61D061223101780014E23C /* CoreFoundation.framework */,
				9E61D05F2231011C0014E23C /* CoreGraphics.framework */,
				9EEAC4AD215C7A0D005BAACE /* libsqlite3.0.tbd */,
				9EEAC4AB215C7A07005BAACE /* libz.tbd */,
				9EEAC4A9215C79EB005BAACE /* UserNotifications.framework */,
				15445B8385D53B1F61D2C099 /* Pods_DevFramework.framework */,
				A6178E128B8B38780DC55501 /* Pods_DevFrameworkTests.framework */,
				E727DC21B1E39F454AF228D6 /* Pods_DevFrameworkUITests.framework */,
			);
			name = Frameworks;
			sourceTree = "<group>";
		};
/* End PBXGroup section */

/* Begin PBXNativeTarget section */
		9EEAC49C215C7982005BAACE /* pushsvcext */ = {
			isa = PBXNativeTarget;
			buildConfigurationList = 9EEAC4A5215C7982005BAACE /* Build configuration list for PBXNativeTarget "pushsvcext" */;
			buildPhases = (
				9EEAC499215C7982005BAACE /* Sources */,
				9EEAC49A215C7982005BAACE /* Frameworks */,
				9EEAC49B215C7982005BAACE /* Resources */,
			);
			buildRules = (
			);
			dependencies = (
			);
			name = pushsvcext;
			productName = pushsvcext;
			productReference = 9EEAC49D215C7982005BAACE /* pushsvcext.appex */;
			productType = "com.apple.product-type.app-extension";
		};
		A1458B4A201AE16300BC6A3B /* DevFramework */ = {
			isa = PBXNativeTarget;
			buildConfigurationList = A1458B73201AE16500BC6A3B /* Build configuration list for PBXNativeTarget "DevFramework" */;
			buildPhases = (
				8ADF71BAF57A68923797F7E6 /* [CP] Check Pods Manifest.lock */,
				9EEAC4EB215CDB94005BAACE /* Run Script */,
				A1458B47201AE16300BC6A3B /* Sources */,
				A1458B48201AE16300BC6A3B /* Frameworks */,
				A1458B49201AE16300BC6A3B /* Resources */,
				BF36BACD2F7DE3A1D95F3952 /* [CP] Embed Pods Frameworks */,
				9EEAC4A8215C7982005BAACE /* Embed App Extensions */,
			);
			buildRules = (
			);
			dependencies = (
				9EEAC4A3215C7982005BAACE /* PBXTargetDependency */,
			);
			name = DevFramework;
			productName = DevFramework;
			productReference = A1458B4B201AE16300BC6A3B /* DevFramework.app */;
			productType = "com.apple.product-type.application";
		};
		A1458B5E201AE16400BC6A3B /* DevFrameworkTests */ = {
			isa = PBXNativeTarget;
			buildConfigurationList = A1458B76201AE16500BC6A3B /* Build configuration list for PBXNativeTarget "DevFrameworkTests" */;
			buildPhases = (
				7C071B347D95130EB565F3CF /* [CP] Check Pods Manifest.lock */,
				A1458B5B201AE16400BC6A3B /* Sources */,
				A1458B5C201AE16400BC6A3B /* Frameworks */,
				A1458B5D201AE16400BC6A3B /* Resources */,
				6469B42D5D1FB6DC9D18760D /* [CP] Embed Pods Frameworks */,
			);
			buildRules = (
			);
			dependencies = (
				A1458B61201AE16400BC6A3B /* PBXTargetDependency */,
			);
			name = DevFrameworkTests;
			productName = DevFrameworkTests;
			productReference = A1458B5F201AE16400BC6A3B /* DevFrameworkTests.xctest */;
			productType = "com.apple.product-type.bundle.unit-test";
		};
		A1458B69201AE16500BC6A3B /* DevFrameworkUITests */ = {
			isa = PBXNativeTarget;
			buildConfigurationList = A1458B79201AE16500BC6A3B /* Build configuration list for PBXNativeTarget "DevFrameworkUITests" */;
			buildPhases = (
				3F71D66A8F4F51569255757F /* [CP] Check Pods Manifest.lock */,
				A1458B66201AE16500BC6A3B /* Sources */,
				A1458B67201AE16500BC6A3B /* Frameworks */,
				A1458B68201AE16500BC6A3B /* Resources */,
			);
			buildRules = (
			);
			dependencies = (
				A1458B6C201AE16500BC6A3B /* PBXTargetDependency */,
			);
			name = DevFrameworkUITests;
			productName = DevFrameworkUITests;
			productReference = A1458B6A201AE16500BC6A3B /* DevFrameworkUITests.xctest */;
			productType = "com.apple.product-type.bundle.ui-testing";
		};
/* End PBXNativeTarget section */

/* Begin PBXProject section */
		A1458B43201AE16300BC6A3B /* Project object */ = {
			isa = PBXProject;
			attributes = {
				CLASSPREFIX = ZF;
				LastSwiftUpdateCheck = 1000;
				LastUpgradeCheck = 0920;
				ORGANIZATIONNAME = "志方";
				TargetAttributes = {
					9EEAC49C215C7982005BAACE = {
						CreatedOnToolsVersion = 10.0;
						ProvisioningStyle = Automatic;
					};
					A1458B4A201AE16300BC6A3B = {
						CreatedOnToolsVersion = 9.2;
						LastSwiftMigration = 0940;
						ProvisioningStyle = Automatic;
					};
					A1458B5E201AE16400BC6A3B = {
						CreatedOnToolsVersion = 9.2;
						ProvisioningStyle = Automatic;
						TestTargetID = A1458B4A201AE16300BC6A3B;
					};
					A1458B69201AE16500BC6A3B = {
						CreatedOnToolsVersion = 9.2;
						ProvisioningStyle = Automatic;
						TestTargetID = A1458B4A201AE16300BC6A3B;
					};
				};
			};
			buildConfigurationList = A1458B46201AE16300BC6A3B /* Build configuration list for PBXProject "DevFramework" */;
			compatibilityVersion = "Xcode 8.0";
			developmentRegion = en;
			hasScannedForEncodings = 0;
			knownRegions = (
				en,
				Base,
			);
			mainGroup = A1458B42201AE16300BC6A3B;
			productRefGroup = A1458B4C201AE16300BC6A3B /* Products */;
			projectDirPath = "";
			projectRoot = "";
			targets = (
				A1458B4A201AE16300BC6A3B /* DevFramework */,
				A1458B5E201AE16400BC6A3B /* DevFrameworkTests */,
				A1458B69201AE16500BC6A3B /* DevFrameworkUITests */,
				9EEAC49C215C7982005BAACE /* pushsvcext */,
			);
		};
/* End PBXProject section */

/* Begin PBXResourcesBuildPhase section */
		9EEAC49B215C7982005BAACE /* Resources */ = {
			isa = PBXResourcesBuildPhase;
			buildActionMask = 2147483647;
			files = (
			);
			runOnlyForDeploymentPostprocessing = 0;
		};
		A1458B49201AE16300BC6A3B /* Resources */ = {
			isa = PBXResourcesBuildPhase;
			buildActionMask = 2147483647;
			files = (
				A138AB4D203FCCC100CD679B /* ZFNewFeatureView.xib in Resources */,
				A1DD005420494AD1005B9EAC /* ZFComposeTypeView.xib in Resources */,
				A138AB52204015BC00CD679B /* ZFStatusNormalCell.xib in Resources */,
				A1F6E72B20450C58005E9A64 /* ZFRefreshView.xib in Resources */,
				A10D11DD201F0D2B00A463E1 /* main.json in Resources */,
				A1FF880920304D0000702626 /* ZFWelcomView.xib in Resources */,
				A1458B56201AE16400BC6A3B /* Assets.xcassets in Resources */,
				A1F019E520416E3A0074A0B9 /* ZFStatusRetweetedCell.xib in Resources */,
				9E2A7E5322705A230082F76C /* RXRegister.xib in Resources */,
			);
			runOnlyForDeploymentPostprocessing = 0;
		};
		A1458B5D201AE16400BC6A3B /* Resources */ = {
			isa = PBXResourcesBuildPhase;
			buildActionMask = 2147483647;
			files = (
			);
			runOnlyForDeploymentPostprocessing = 0;
		};
		A1458B68201AE16500BC6A3B /* Resources */ = {
			isa = PBXResourcesBuildPhase;
			buildActionMask = 2147483647;
			files = (
			);
			runOnlyForDeploymentPostprocessing = 0;
		};
/* End PBXResourcesBuildPhase section */

/* Begin PBXShellScriptBuildPhase section */
		3F71D66A8F4F51569255757F /* [CP] Check Pods Manifest.lock */ = {
			isa = PBXShellScriptBuildPhase;
			buildActionMask = 2147483647;
			files = (
			);
			inputPaths = (
				"${PODS_PODFILE_DIR_PATH}/Podfile.lock",
				"${PODS_ROOT}/Manifest.lock",
			);
			name = "[CP] Check Pods Manifest.lock";
			outputPaths = (
				"$(DERIVED_FILE_DIR)/Pods-DevFrameworkUITests-checkManifestLockResult.txt",
			);
			runOnlyForDeploymentPostprocessing = 0;
			shellPath = /bin/sh;
			shellScript = "diff \"${PODS_PODFILE_DIR_PATH}/Podfile.lock\" \"${PODS_ROOT}/Manifest.lock\" > /dev/null\nif [ $? != 0 ] ; then\n    # print error to STDERR\n    echo \"error: The sandbox is not in sync with the Podfile.lock. Run 'pod install' or update your CocoaPods installation.\" >&2\n    exit 1\nfi\n# This output is used by Xcode 'outputs' to avoid re-running this script phase.\necho \"SUCCESS\" > \"${SCRIPT_OUTPUT_FILE_0}\"\n";
			showEnvVarsInLog = 0;
		};
		6469B42D5D1FB6DC9D18760D /* [CP] Embed Pods Frameworks */ = {
			isa = PBXShellScriptBuildPhase;
			buildActionMask = 2147483647;
			files = (
			);
			inputPaths = (
				"${PODS_ROOT}/Target Support Files/Pods-DevFrameworkTests/Pods-DevFrameworkTests-frameworks.sh",
				"${BUILT_PRODUCTS_DIR}/RxSwift/RxSwift.framework",
				"${BUILT_PRODUCTS_DIR}/RxAtomic/RxAtomic.framework",
				"${BUILT_PRODUCTS_DIR}/RxBlocking/RxBlocking.framework",
				"${BUILT_PRODUCTS_DIR}/RxTest/RxTest.framework",
			);
			name = "[CP] Embed Pods Frameworks";
			outputPaths = (
				"${TARGET_BUILD_DIR}/${FRAMEWORKS_FOLDER_PATH}/RxSwift.framework",
				"${TARGET_BUILD_DIR}/${FRAMEWORKS_FOLDER_PATH}/RxAtomic.framework",
				"${TARGET_BUILD_DIR}/${FRAMEWORKS_FOLDER_PATH}/RxBlocking.framework",
				"${TARGET_BUILD_DIR}/${FRAMEWORKS_FOLDER_PATH}/RxTest.framework",
			);
			runOnlyForDeploymentPostprocessing = 0;
			shellPath = /bin/sh;
			shellScript = "\"${PODS_ROOT}/Target Support Files/Pods-DevFrameworkTests/Pods-DevFrameworkTests-frameworks.sh\"\n";
			showEnvVarsInLog = 0;
		};
		7C071B347D95130EB565F3CF /* [CP] Check Pods Manifest.lock */ = {
			isa = PBXShellScriptBuildPhase;
			buildActionMask = 2147483647;
			files = (
			);
			inputPaths = (
				"${PODS_PODFILE_DIR_PATH}/Podfile.lock",
				"${PODS_ROOT}/Manifest.lock",
			);
			name = "[CP] Check Pods Manifest.lock";
			outputPaths = (
				"$(DERIVED_FILE_DIR)/Pods-DevFrameworkTests-checkManifestLockResult.txt",
			);
			runOnlyForDeploymentPostprocessing = 0;
			shellPath = /bin/sh;
			shellScript = "diff \"${PODS_PODFILE_DIR_PATH}/Podfile.lock\" \"${PODS_ROOT}/Manifest.lock\" > /dev/null\nif [ $? != 0 ] ; then\n    # print error to STDERR\n    echo \"error: The sandbox is not in sync with the Podfile.lock. Run 'pod install' or update your CocoaPods installation.\" >&2\n    exit 1\nfi\n# This output is used by Xcode 'outputs' to avoid re-running this script phase.\necho \"SUCCESS\" > \"${SCRIPT_OUTPUT_FILE_0}\"\n";
			showEnvVarsInLog = 0;
		};
		8ADF71BAF57A68923797F7E6 /* [CP] Check Pods Manifest.lock */ = {
			isa = PBXShellScriptBuildPhase;
			buildActionMask = 2147483647;
			files = (
			);
			inputPaths = (
				"${PODS_PODFILE_DIR_PATH}/Podfile.lock",
				"${PODS_ROOT}/Manifest.lock",
			);
			name = "[CP] Check Pods Manifest.lock";
			outputPaths = (
				"$(DERIVED_FILE_DIR)/Pods-DevFramework-checkManifestLockResult.txt",
			);
			runOnlyForDeploymentPostprocessing = 0;
			shellPath = /bin/sh;
			shellScript = "diff \"${PODS_PODFILE_DIR_PATH}/Podfile.lock\" \"${PODS_ROOT}/Manifest.lock\" > /dev/null\nif [ $? != 0 ] ; then\n    # print error to STDERR\n    echo \"error: The sandbox is not in sync with the Podfile.lock. Run 'pod install' or update your CocoaPods installation.\" >&2\n    exit 1\nfi\n# This output is used by Xcode 'outputs' to avoid re-running this script phase.\necho \"SUCCESS\" > \"${SCRIPT_OUTPUT_FILE_0}\"\n";
			showEnvVarsInLog = 0;
		};
		9EEAC4EB215CDB94005BAACE /* Run Script */ = {
			isa = PBXShellScriptBuildPhase;
			buildActionMask = 2147483647;
			files = (
			);
			inputPaths = (
			);
			name = "Run Script";
			outputPaths = (
			);
			runOnlyForDeploymentPostprocessing = 0;
			shellPath = /bin/sh;
			shellScript = "# Type a script or drag a script file from your workspace to insert its path.\n\n";
		};
		BF36BACD2F7DE3A1D95F3952 /* [CP] Embed Pods Frameworks */ = {
			isa = PBXShellScriptBuildPhase;
			buildActionMask = 2147483647;
			files = (
			);
			inputPaths = (
				"${PODS_ROOT}/Target Support Files/Pods-DevFramework/Pods-DevFramework-frameworks.sh",
				"${BUILT_PRODUCTS_DIR}/AFNetworking/AFNetworking.framework",
				"${BUILT_PRODUCTS_DIR}/Alamofire/Alamofire.framework",
				"${BUILT_PRODUCTS_DIR}/DateTimePicker/DateTimePicker.framework",
				"${BUILT_PRODUCTS_DIR}/Differentiator/Differentiator.framework",
				"${BUILT_PRODUCTS_DIR}/FMDB/FMDB.framework",
				"${BUILT_PRODUCTS_DIR}/FaceAware/FaceAware.framework",
				"${BUILT_PRODUCTS_DIR}/HandyJSON/HandyJSON.framework",
				"${BUILT_PRODUCTS_DIR}/JTAppleCalendar/JTAppleCalendar.framework",
				"${BUILT_PRODUCTS_DIR}/PagingMenuController/PagingMenuController.framework",
				"${BUILT_PRODUCTS_DIR}/Persei/Persei.framework",
				"${BUILT_PRODUCTS_DIR}/Popover/Popover.framework",
				"${BUILT_PRODUCTS_DIR}/Presentr/Presentr.framework",
				"${BUILT_PRODUCTS_DIR}/PreviewTransition/PreviewTransition.framework",
				"${BUILT_PRODUCTS_DIR}/RxCocoa/RxCocoa.framework",
				"${BUILT_PRODUCTS_DIR}/RxDataSources/RxDataSources.framework",
				"${BUILT_PRODUCTS_DIR}/RxSwift/RxSwift.framework",
				"${BUILT_PRODUCTS_DIR}/SCLAlertView/SCLAlertView.framework",
				"${BUILT_PRODUCTS_DIR}/SDWebImage/SDWebImage.framework",
				"${BUILT_PRODUCTS_DIR}/SVProgressHUD/SVProgressHUD.framework",
				"${BUILT_PRODUCTS_DIR}/SwiftMessages/SwiftMessages.framework",
				"${BUILT_PRODUCTS_DIR}/TwicketSegmentedControl/TwicketSegmentedControl.framework",
				"${BUILT_PRODUCTS_DIR}/XLActionController/XLActionController.framework",
				"${BUILT_PRODUCTS_DIR}/YYModel/YYModel.framework",
				"${BUILT_PRODUCTS_DIR}/matrix-wechat/Matrix.framework",
				"${BUILT_PRODUCTS_DIR}/pop/pop.framework",
			);
			name = "[CP] Embed Pods Frameworks";
			outputPaths = (
				"${TARGET_BUILD_DIR}/${FRAMEWORKS_FOLDER_PATH}/AFNetworking.framework",
				"${TARGET_BUILD_DIR}/${FRAMEWORKS_FOLDER_PATH}/Alamofire.framework",
				"${TARGET_BUILD_DIR}/${FRAMEWORKS_FOLDER_PATH}/DateTimePicker.framework",
				"${TARGET_BUILD_DIR}/${FRAMEWORKS_FOLDER_PATH}/Differentiator.framework",
				"${TARGET_BUILD_DIR}/${FRAMEWORKS_FOLDER_PATH}/FMDB.framework",
				"${TARGET_BUILD_DIR}/${FRAMEWORKS_FOLDER_PATH}/FaceAware.framework",
				"${TARGET_BUILD_DIR}/${FRAMEWORKS_FOLDER_PATH}/HandyJSON.framework",
				"${TARGET_BUILD_DIR}/${FRAMEWORKS_FOLDER_PATH}/JTAppleCalendar.framework",
				"${TARGET_BUILD_DIR}/${FRAMEWORKS_FOLDER_PATH}/PagingMenuController.framework",
				"${TARGET_BUILD_DIR}/${FRAMEWORKS_FOLDER_PATH}/Persei.framework",
				"${TARGET_BUILD_DIR}/${FRAMEWORKS_FOLDER_PATH}/Popover.framework",
				"${TARGET_BUILD_DIR}/${FRAMEWORKS_FOLDER_PATH}/Presentr.framework",
				"${TARGET_BUILD_DIR}/${FRAMEWORKS_FOLDER_PATH}/PreviewTransition.framework",
				"${TARGET_BUILD_DIR}/${FRAMEWORKS_FOLDER_PATH}/RxCocoa.framework",
				"${TARGET_BUILD_DIR}/${FRAMEWORKS_FOLDER_PATH}/RxDataSources.framework",
				"${TARGET_BUILD_DIR}/${FRAMEWORKS_FOLDER_PATH}/RxSwift.framework",
				"${TARGET_BUILD_DIR}/${FRAMEWORKS_FOLDER_PATH}/SCLAlertView.framework",
				"${TARGET_BUILD_DIR}/${FRAMEWORKS_FOLDER_PATH}/SDWebImage.framework",
				"${TARGET_BUILD_DIR}/${FRAMEWORKS_FOLDER_PATH}/SVProgressHUD.framework",
				"${TARGET_BUILD_DIR}/${FRAMEWORKS_FOLDER_PATH}/SwiftMessages.framework",
				"${TARGET_BUILD_DIR}/${FRAMEWORKS_FOLDER_PATH}/TwicketSegmentedControl.framework",
				"${TARGET_BUILD_DIR}/${FRAMEWORKS_FOLDER_PATH}/XLActionController.framework",
				"${TARGET_BUILD_DIR}/${FRAMEWORKS_FOLDER_PATH}/YYModel.framework",
				"${TARGET_BUILD_DIR}/${FRAMEWORKS_FOLDER_PATH}/Matrix.framework",
				"${TARGET_BUILD_DIR}/${FRAMEWORKS_FOLDER_PATH}/pop.framework",
			);
			runOnlyForDeploymentPostprocessing = 0;
			shellPath = /bin/sh;
			shellScript = "\"${PODS_ROOT}/Target Support Files/Pods-DevFramework/Pods-DevFramework-frameworks.sh\"\n";
			showEnvVarsInLog = 0;
		};
/* End PBXShellScriptBuildPhase section */

/* Begin PBXSourcesBuildPhase section */
		9EEAC499215C7982005BAACE /* Sources */ = {
			isa = PBXSourcesBuildPhase;
			buildActionMask = 2147483647;
			files = (
				9EEAC4A0215C7982005BAACE /* NotificationService.swift in Sources */,
			);
			runOnlyForDeploymentPostprocessing = 0;
		};
		A1458B47201AE16300BC6A3B /* Sources */ = {
			isa = PBXSourcesBuildPhase;
			buildActionMask = 2147483647;
			files = (
				A1458B91201AEC7100BC6A3B /* ZFHomeViewController.swift in Sources */,
				A1458BA0201B0BA300BC6A3B /* ZFDemoViewController.swift in Sources */,
				A1E271EE202C52DD0016B851 /* ZFCommon.swift in Sources */,
				A1FF8800202FF82C00702626 /* String+Extension.swift in Sources */,
				A138AB562040235900CD679B /* ZFStatusViewModel.swift in Sources */,
				A1458B99201AF8E600BC6A3B /* Bundle.swift in Sources */,
				A138AB4B203FB43500CD679B /* NIibLoadable.swift in Sources */,
				9E2A7E5C22706C200082F76C /* BindingExtensions.swift in Sources */,
				9E2A7E5E22706E1C0082F76C /* RXRegisterViewModel.swift in Sources */,
				9EC843EF23C5CF3400D0E566 /* ListProtocol.swift in Sources */,
				9EC843E323C57EDE00D0E566 /* SystemProtocol.swift in Sources */,
				9E53F0BF229428AE00A8D850 /* ZFMessageModel.swift in Sources */,
				A1F019DF20411ABE0074A0B9 /* ZFStatusToolBar.swift in Sources */,
				9E53F0BA2293FBEF00A8D850 /* ZFRouter.swift in Sources */,
				A138AB5420401F9D00CD679B /* ZFUser.swift in Sources */,
				9E53F0C5229502D700A8D850 /* ZFBaseStruct.swift in Sources */,
				9E2A7E5622705F630082F76C /* Protocols.swift in Sources */,
				A138AB502040158A00CD679B /* ZFStatusCell.swift in Sources */,
				A1F019DB20410A220074A0B9 /* UIImageView+WebImage.swift in Sources */,
				A1458B4F201AE16400BC6A3B /* AppDelegate.swift in Sources */,
				9E624B0D215E1F0200DC059B /* RXTableViewVC.swift in Sources */,
				9E2A7E63227098880082F76C /* ActivityIndicator.swift in Sources */,
				9E2A7E62227098880082F76C /* Wireframe.swift in Sources */,
				A1458B8D201AEC2000BC6A3B /* ZFNavigationController.swift in Sources */,
				9E2A7E58227062F70082F76C /* RXGithubDefaultValidationService.swift in Sources */,
				A1FF8803203049B000702626 /* ZFWelcomView.swift in Sources */,
				A1458BA2201B145900BC6A3B /* UIBarButtonItem+Extension.swift in Sources */,
				9E2A7E6522715B980082F76C /* ViewController.swift in Sources */,
				A1F741FC20231D3E004D6FEF /* ZFNetworkManager.swift in Sources */,
				9EC843F123C6DAEF00D0E566 /* GiftDropImageView.swift in Sources */,
				9EC843F323C6DB8500D0E566 /* UIView+Extension.swift in Sources */,
				A1FF87FE202FE83400702626 /* ZFUserAccount.swift in Sources */,
				A1EC7207202444970070B6EF /* ZFStatuses.swift in Sources */,
				A1EC7209202446260070B6EF /* ZFStatusesListViewModel.swift in Sources */,
				A1458B9C201AFE3200BC6A3B /* ZFDiscoveryViewController.swift in Sources */,
				A1F6E7292044F8C8005E9A64 /* ZFRefreshControl.swift in Sources */,
				A1F019E3204145DC0074A0B9 /* ZFStatusPicture.swift in Sources */,
				A1458B8B201AEBF600BC6A3B /* ZFMainViewController.swift in Sources */,
				9E53F0C122942BB200A8D850 /* ZFTestNetAFVC.swift in Sources */,
				9EC843E723C5AF2900D0E566 /* LineProtocol.swift in Sources */,
				9EEAC4EA215CC0E4005BAACE /* ZFTraitsVC.swift in Sources */,
				A1458B93201AEC7D00BC6A3B /* ZFMessageViewController.swift in Sources */,
				9E83A8112188545200806906 /* RXCircleVC.swift in Sources */,
				9E53F0B82293FB1700A8D850 /* ZFNetworkTool.swift in Sources */,
				A1DD005220494810005B9EAC /* ZFComposeTypeView.swift in Sources */,
				A1F6E72D20450D28005E9A64 /* ZFRefreshView.swift in Sources */,
				9E04992D2151FB0A00648E69 /* ZFTestVc.swift in Sources */,
				A1F019DD20410CC90074A0B9 /* UIImage+Extension.swift in Sources */,
				9E53F0BC229407C500A8D850 /* ZFNetError.swift in Sources */,
				A1FF8805203049C000702626 /* ZFNewFeatureView.swift in Sources */,
				A1EC720520241B360070B6EF /* ZFNetworkMnager+Extension.swift in Sources */,
				9E2A7E5A227069940082F76C /* String+URL.swift in Sources */,
				A1F019E1204141A90074A0B9 /* ZFStatusPictureView.swift in Sources */,
				A1458B8F201AEC3F00BC6A3B /* ZFBaseViewController.swift in Sources */,
				A1458B95201AEC8700BC6A3B /* ZFProfileViewController.swift in Sources */,
				9E2A7E5222705A230082F76C /* RXRegister.swift in Sources */,
				9EC843E523C584F400D0E566 /* UserDefaults+Extension.swift in Sources */,
				A1E271F1202C549A0016B851 /* ZFOAuthViewController.swift in Sources */,
			);
			runOnlyForDeploymentPostprocessing = 0;
		};
		A1458B5B201AE16400BC6A3B /* Sources */ = {
			isa = PBXSourcesBuildPhase;
			buildActionMask = 2147483647;
			files = (
				A1458B64201AE16400BC6A3B /* DevFrameworkTests.swift in Sources */,
			);
			runOnlyForDeploymentPostprocessing = 0;
		};
		A1458B66201AE16500BC6A3B /* Sources */ = {
			isa = PBXSourcesBuildPhase;
			buildActionMask = 2147483647;
			files = (
				A1458B6F201AE16500BC6A3B /* DevFrameworkUITests.swift in Sources */,
			);
			runOnlyForDeploymentPostprocessing = 0;
		};
/* End PBXSourcesBuildPhase section */

/* Begin PBXTargetDependency section */
		9EEAC4A3215C7982005BAACE /* PBXTargetDependency */ = {
			isa = PBXTargetDependency;
			target = 9EEAC49C215C7982005BAACE /* pushsvcext */;
			targetProxy = 9EEAC4A2215C7982005BAACE /* PBXContainerItemProxy */;
		};
		A1458B61201AE16400BC6A3B /* PBXTargetDependency */ = {
			isa = PBXTargetDependency;
			target = A1458B4A201AE16300BC6A3B /* DevFramework */;
			targetProxy = A1458B60201AE16400BC6A3B /* PBXContainerItemProxy */;
		};
		A1458B6C201AE16500BC6A3B /* PBXTargetDependency */ = {
			isa = PBXTargetDependency;
			target = A1458B4A201AE16300BC6A3B /* DevFramework */;
			targetProxy = A1458B6B201AE16500BC6A3B /* PBXContainerItemProxy */;
		};
/* End PBXTargetDependency section */

/* Begin XCBuildConfiguration section */
		9EEAC4A6215C7982005BAACE /* Debug */ = {
			isa = XCBuildConfiguration;
			buildSettings = {
				CLANG_ENABLE_OBJC_WEAK = YES;
				CLANG_WARN_DEPRECATED_OBJC_IMPLEMENTATIONS = YES;
				CLANG_WARN_OBJC_IMPLICIT_RETAIN_SELF = YES;
				CODE_SIGN_STYLE = Automatic;
				DEVELOPMENT_TEAM = 245WE9LE4D;
				INFOPLIST_FILE = pushsvcext/Info.plist;
				IPHONEOS_DEPLOYMENT_TARGET = 10.0;
				LD_RUNPATH_SEARCH_PATHS = "$(inherited) @executable_path/Frameworks @executable_path/../../Frameworks";
				MTL_ENABLE_DEBUG_INFO = INCLUDE_SOURCE;
				MTL_FAST_MATH = YES;
				PRODUCT_BUNDLE_IDENTIFIER = duobao.DevFramework.pushsvcext;
				PRODUCT_NAME = "$(TARGET_NAME)";
				SKIP_INSTALL = YES;
				SWIFT_VERSION = 4.2;
				TARGETED_DEVICE_FAMILY = "1,2";
			};
			name = Debug;
		};
		9EEAC4A7215C7982005BAACE /* Release */ = {
			isa = XCBuildConfiguration;
			buildSettings = {
				CLANG_ENABLE_OBJC_WEAK = YES;
				CLANG_WARN_DEPRECATED_OBJC_IMPLEMENTATIONS = YES;
				CLANG_WARN_OBJC_IMPLICIT_RETAIN_SELF = YES;
				CODE_SIGN_STYLE = Automatic;
				DEVELOPMENT_TEAM = 245WE9LE4D;
				INFOPLIST_FILE = pushsvcext/Info.plist;
				IPHONEOS_DEPLOYMENT_TARGET = 10.0;
				LD_RUNPATH_SEARCH_PATHS = "$(inherited) @executable_path/Frameworks @executable_path/../../Frameworks";
				MTL_FAST_MATH = YES;
				PRODUCT_BUNDLE_IDENTIFIER = duobao.DevFramework.pushsvcext;
				PRODUCT_NAME = "$(TARGET_NAME)";
				SKIP_INSTALL = YES;
				SWIFT_VERSION = 4.2;
				TARGETED_DEVICE_FAMILY = "1,2";
			};
			name = Release;
		};
		A1458B71201AE16500BC6A3B /* Debug */ = {
			isa = XCBuildConfiguration;
			buildSettings = {
				ALWAYS_SEARCH_USER_PATHS = NO;
				CLANG_ANALYZER_NONNULL = YES;
				CLANG_ANALYZER_NUMBER_OBJECT_CONVERSION = YES_AGGRESSIVE;
				CLANG_CXX_LANGUAGE_STANDARD = "gnu++14";
				CLANG_CXX_LIBRARY = "libc++";
				CLANG_ENABLE_MODULES = YES;
				CLANG_ENABLE_OBJC_ARC = YES;
				CLANG_WARN_BLOCK_CAPTURE_AUTORELEASING = YES;
				CLANG_WARN_BOOL_CONVERSION = YES;
				CLANG_WARN_COMMA = YES;
				CLANG_WARN_CONSTANT_CONVERSION = YES;
				CLANG_WARN_DIRECT_OBJC_ISA_USAGE = YES_ERROR;
				CLANG_WARN_DOCUMENTATION_COMMENTS = YES;
				CLANG_WARN_EMPTY_BODY = YES;
				CLANG_WARN_ENUM_CONVERSION = YES;
				CLANG_WARN_INFINITE_RECURSION = YES;
				CLANG_WARN_INT_CONVERSION = YES;
				CLANG_WARN_NON_LITERAL_NULL_CONVERSION = YES;
				CLANG_WARN_OBJC_LITERAL_CONVERSION = YES;
				CLANG_WARN_OBJC_ROOT_CLASS = YES_ERROR;
				CLANG_WARN_RANGE_LOOP_ANALYSIS = YES;
				CLANG_WARN_STRICT_PROTOTYPES = YES;
				CLANG_WARN_SUSPICIOUS_MOVE = YES;
				CLANG_WARN_UNGUARDED_AVAILABILITY = YES_AGGRESSIVE;
				CLANG_WARN_UNREACHABLE_CODE = YES;
				CLANG_WARN__DUPLICATE_METHOD_MATCH = YES;
				CODE_SIGN_IDENTITY = "iPhone Developer";
				COPY_PHASE_STRIP = NO;
				DEBUG_INFORMATION_FORMAT = dwarf;
				ENABLE_STRICT_OBJC_MSGSEND = YES;
				ENABLE_TESTABILITY = YES;
				GCC_C_LANGUAGE_STANDARD = gnu11;
				GCC_DYNAMIC_NO_PIC = NO;
				GCC_NO_COMMON_BLOCKS = YES;
				GCC_OPTIMIZATION_LEVEL = 0;
				GCC_PREPROCESSOR_DEFINITIONS = (
					"DEBUG=1",
					"$(inherited)",
				);
				GCC_WARN_64_TO_32_BIT_CONVERSION = YES;
				GCC_WARN_ABOUT_RETURN_TYPE = YES_ERROR;
				GCC_WARN_UNDECLARED_SELECTOR = YES;
				GCC_WARN_UNINITIALIZED_AUTOS = YES_AGGRESSIVE;
				GCC_WARN_UNUSED_FUNCTION = YES;
				GCC_WARN_UNUSED_VARIABLE = YES;
				IPHONEOS_DEPLOYMENT_TARGET = 11.2;
				MTL_ENABLE_DEBUG_INFO = YES;
				ONLY_ACTIVE_ARCH = YES;
				SDKROOT = iphoneos;
				SWIFT_ACTIVE_COMPILATION_CONDITIONS = DEBUG;
				SWIFT_OPTIMIZATION_LEVEL = "-Onone";
			};
			name = Debug;
		};
		A1458B72201AE16500BC6A3B /* Release */ = {
			isa = XCBuildConfiguration;
			buildSettings = {
				ALWAYS_SEARCH_USER_PATHS = NO;
				CLANG_ANALYZER_NONNULL = YES;
				CLANG_ANALYZER_NUMBER_OBJECT_CONVERSION = YES_AGGRESSIVE;
				CLANG_CXX_LANGUAGE_STANDARD = "gnu++14";
				CLANG_CXX_LIBRARY = "libc++";
				CLANG_ENABLE_MODULES = YES;
				CLANG_ENABLE_OBJC_ARC = YES;
				CLANG_WARN_BLOCK_CAPTURE_AUTORELEASING = YES;
				CLANG_WARN_BOOL_CONVERSION = YES;
				CLANG_WARN_COMMA = YES;
				CLANG_WARN_CONSTANT_CONVERSION = YES;
				CLANG_WARN_DIRECT_OBJC_ISA_USAGE = YES_ERROR;
				CLANG_WARN_DOCUMENTATION_COMMENTS = YES;
				CLANG_WARN_EMPTY_BODY = YES;
				CLANG_WARN_ENUM_CONVERSION = YES;
				CLANG_WARN_INFINITE_RECURSION = YES;
				CLANG_WARN_INT_CONVERSION = YES;
				CLANG_WARN_NON_LITERAL_NULL_CONVERSION = YES;
				CLANG_WARN_OBJC_LITERAL_CONVERSION = YES;
				CLANG_WARN_OBJC_ROOT_CLASS = YES_ERROR;
				CLANG_WARN_RANGE_LOOP_ANALYSIS = YES;
				CLANG_WARN_STRICT_PROTOTYPES = YES;
				CLANG_WARN_SUSPICIOUS_MOVE = YES;
				CLANG_WARN_UNGUARDED_AVAILABILITY = YES_AGGRESSIVE;
				CLANG_WARN_UNREACHABLE_CODE = YES;
				CLANG_WARN__DUPLICATE_METHOD_MATCH = YES;
				CODE_SIGN_IDENTITY = "iPhone Developer";
				COPY_PHASE_STRIP = NO;
				DEBUG_INFORMATION_FORMAT = "dwarf-with-dsym";
				ENABLE_NS_ASSERTIONS = NO;
				ENABLE_STRICT_OBJC_MSGSEND = YES;
				GCC_C_LANGUAGE_STANDARD = gnu11;
				GCC_NO_COMMON_BLOCKS = YES;
				GCC_WARN_64_TO_32_BIT_CONVERSION = YES;
				GCC_WARN_ABOUT_RETURN_TYPE = YES_ERROR;
				GCC_WARN_UNDECLARED_SELECTOR = YES;
				GCC_WARN_UNINITIALIZED_AUTOS = YES_AGGRESSIVE;
				GCC_WARN_UNUSED_FUNCTION = YES;
				GCC_WARN_UNUSED_VARIABLE = YES;
				IPHONEOS_DEPLOYMENT_TARGET = 11.2;
				MTL_ENABLE_DEBUG_INFO = NO;
				SDKROOT = iphoneos;
				SWIFT_OPTIMIZATION_LEVEL = "-Owholemodule";
				VALIDATE_PRODUCT = YES;
			};
			name = Release;
		};
		A1458B74201AE16500BC6A3B /* Debug */ = {
			isa = XCBuildConfiguration;
			baseConfigurationReference = 8E563D54187FF44E72809392 /* Pods-DevFramework.debug.xcconfig */;
			buildSettings = {
				ALWAYS_EMBED_SWIFT_STANDARD_LIBRARIES = YES;
				ASSETCATALOG_COMPILER_APPICON_NAME = AppIcon;
				ASSETCATALOG_COMPILER_LAUNCHIMAGE_NAME = LaunchImage;
				CLANG_ENABLE_MODULES = YES;
				CODE_SIGN_STYLE = Automatic;
				DEVELOPMENT_TEAM = 245WE9LE4D;
				INFOPLIST_FILE = DevFramework/Info.plist;
				IPHONEOS_DEPLOYMENT_TARGET = 9.0;
				LD_RUNPATH_SEARCH_PATHS = "$(inherited) @executable_path/Frameworks";
				PRODUCT_BUNDLE_IDENTIFIER = duobao.DevFramework;
				PRODUCT_NAME = "$(TARGET_NAME)";
				SWIFT_OPTIMIZATION_LEVEL = "-Onone";
				SWIFT_VERSION = 5.0;
				TARGETED_DEVICE_FAMILY = "1,2";
			};
			name = Debug;
		};
		A1458B75201AE16500BC6A3B /* Release */ = {
			isa = XCBuildConfiguration;
			baseConfigurationReference = A290CD55C95366046B957473 /* Pods-DevFramework.release.xcconfig */;
			buildSettings = {
				ALWAYS_EMBED_SWIFT_STANDARD_LIBRARIES = YES;
				ASSETCATALOG_COMPILER_APPICON_NAME = AppIcon;
				ASSETCATALOG_COMPILER_LAUNCHIMAGE_NAME = LaunchImage;
				CLANG_ENABLE_MODULES = YES;
				CODE_SIGN_STYLE = Automatic;
				DEVELOPMENT_TEAM = 245WE9LE4D;
				INFOPLIST_FILE = DevFramework/Info.plist;
				IPHONEOS_DEPLOYMENT_TARGET = 9.0;
				LD_RUNPATH_SEARCH_PATHS = "$(inherited) @executable_path/Frameworks";
				PRODUCT_BUNDLE_IDENTIFIER = duobao.DevFramework;
				PRODUCT_NAME = "$(TARGET_NAME)";
				SWIFT_VERSION = 5.0;
				TARGETED_DEVICE_FAMILY = "1,2";
			};
			name = Release;
		};
		A1458B77201AE16500BC6A3B /* Debug */ = {
			isa = XCBuildConfiguration;
			baseConfigurationReference = AEED6E5D214EABAA846B4685 /* Pods-DevFrameworkTests.debug.xcconfig */;
			buildSettings = {
				ALWAYS_EMBED_SWIFT_STANDARD_LIBRARIES = YES;
				BUNDLE_LOADER = "$(TEST_HOST)";
				CODE_SIGN_STYLE = Automatic;
				INFOPLIST_FILE = DevFrameworkTests/Info.plist;
				LD_RUNPATH_SEARCH_PATHS = "$(inherited) @executable_path/Frameworks @loader_path/Frameworks";
				PRODUCT_BUNDLE_IDENTIFIER = duobao.DevFrameworkTests;
				PRODUCT_NAME = "$(TARGET_NAME)";
				SWIFT_VERSION = 4.0;
				TARGETED_DEVICE_FAMILY = "1,2";
				TEST_HOST = "$(BUILT_PRODUCTS_DIR)/DevFramework.app/DevFramework";
			};
			name = Debug;
		};
		A1458B78201AE16500BC6A3B /* Release */ = {
			isa = XCBuildConfiguration;
			baseConfigurationReference = 704C5F240BA45BB6E183D1F8 /* Pods-DevFrameworkTests.release.xcconfig */;
			buildSettings = {
				ALWAYS_EMBED_SWIFT_STANDARD_LIBRARIES = YES;
				BUNDLE_LOADER = "$(TEST_HOST)";
				CODE_SIGN_STYLE = Automatic;
				INFOPLIST_FILE = DevFrameworkTests/Info.plist;
				LD_RUNPATH_SEARCH_PATHS = "$(inherited) @executable_path/Frameworks @loader_path/Frameworks";
				PRODUCT_BUNDLE_IDENTIFIER = duobao.DevFrameworkTests;
				PRODUCT_NAME = "$(TARGET_NAME)";
				SWIFT_VERSION = 4.0;
				TARGETED_DEVICE_FAMILY = "1,2";
				TEST_HOST = "$(BUILT_PRODUCTS_DIR)/DevFramework.app/DevFramework";
			};
			name = Release;
		};
		A1458B7A201AE16500BC6A3B /* Debug */ = {
			isa = XCBuildConfiguration;
			baseConfigurationReference = 6F499BB3F77F77EE16F1C5BA /* Pods-DevFrameworkUITests.debug.xcconfig */;
			buildSettings = {
				ALWAYS_EMBED_SWIFT_STANDARD_LIBRARIES = YES;
				CODE_SIGN_STYLE = Automatic;
				INFOPLIST_FILE = DevFrameworkUITests/Info.plist;
				LD_RUNPATH_SEARCH_PATHS = "$(inherited) @executable_path/Frameworks @loader_path/Frameworks";
				PRODUCT_BUNDLE_IDENTIFIER = duobao.DevFrameworkUITests;
				PRODUCT_NAME = "$(TARGET_NAME)";
				SWIFT_VERSION = 4.0;
				TARGETED_DEVICE_FAMILY = "1,2";
				TEST_TARGET_NAME = DevFramework;
			};
			name = Debug;
		};
		A1458B7B201AE16500BC6A3B /* Release */ = {
			isa = XCBuildConfiguration;
			baseConfigurationReference = 166350FAC48CDF688AFF0AEA /* Pods-DevFrameworkUITests.release.xcconfig */;
			buildSettings = {
				ALWAYS_EMBED_SWIFT_STANDARD_LIBRARIES = YES;
				CODE_SIGN_STYLE = Automatic;
				INFOPLIST_FILE = DevFrameworkUITests/Info.plist;
				LD_RUNPATH_SEARCH_PATHS = "$(inherited) @executable_path/Frameworks @loader_path/Frameworks";
				PRODUCT_BUNDLE_IDENTIFIER = duobao.DevFrameworkUITests;
				PRODUCT_NAME = "$(TARGET_NAME)";
				SWIFT_VERSION = 4.0;
				TARGETED_DEVICE_FAMILY = "1,2";
				TEST_TARGET_NAME = DevFramework;
			};
			name = Release;
		};
/* End XCBuildConfiguration section */

/* Begin XCConfigurationList section */
		9EEAC4A5215C7982005BAACE /* Build configuration list for PBXNativeTarget "pushsvcext" */ = {
			isa = XCConfigurationList;
			buildConfigurations = (
				9EEAC4A6215C7982005BAACE /* Debug */,
				9EEAC4A7215C7982005BAACE /* Release */,
			);
			defaultConfigurationIsVisible = 0;
			defaultConfigurationName = Release;
		};
		A1458B46201AE16300BC6A3B /* Build configuration list for PBXProject "DevFramework" */ = {
			isa = XCConfigurationList;
			buildConfigurations = (
				A1458B71201AE16500BC6A3B /* Debug */,
				A1458B72201AE16500BC6A3B /* Release */,
			);
			defaultConfigurationIsVisible = 0;
			defaultConfigurationName = Release;
		};
		A1458B73201AE16500BC6A3B /* Build configuration list for PBXNativeTarget "DevFramework" */ = {
			isa = XCConfigurationList;
			buildConfigurations = (
				A1458B74201AE16500BC6A3B /* Debug */,
				A1458B75201AE16500BC6A3B /* Release */,
			);
			defaultConfigurationIsVisible = 0;
			defaultConfigurationName = Release;
		};
		A1458B76201AE16500BC6A3B /* Build configuration list for PBXNativeTarget "DevFrameworkTests" */ = {
			isa = XCConfigurationList;
			buildConfigurations = (
				A1458B77201AE16500BC6A3B /* Debug */,
				A1458B78201AE16500BC6A3B /* Release */,
			);
			defaultConfigurationIsVisible = 0;
			defaultConfigurationName = Release;
		};
		A1458B79201AE16500BC6A3B /* Build configuration list for PBXNativeTarget "DevFrameworkUITests" */ = {
			isa = XCConfigurationList;
			buildConfigurations = (
				A1458B7A201AE16500BC6A3B /* Debug */,
				A1458B7B201AE16500BC6A3B /* Release */,
			);
			defaultConfigurationIsVisible = 0;
			defaultConfigurationName = Release;
		};
/* End XCConfigurationList section */
	};
	rootObject = A1458B43201AE16300BC6A3B /* Project object */;
}
